{
  "version": 4,
  "terraform_version": "1.2.7",
  "serial": 138,
  "lineage": "5f562c7d-f7e2-3418-eb14-2510b787dfc5",
  "outputs": {
    "dp_private_name": {
      "value": "tfdemo-xb8rpa-dp-private",
      "type": "string"
    },
    "dp_private_security_group_association_id": {
      "value": "/subscriptions/3f2e4d32-8e8d-46d6-82bc-5bb8d962328b/resourceGroups/adb-dp-tfdemo-xb8rpa-rg/providers/Microsoft.Network/virtualNetworks/tfdemo-xb8rpa-dp-vnet/subnets/tfdemo-xb8rpa-dp-private",
      "type": "string"
    },
    "dp_public_name": {
      "value": "tfdemo-xb8rpa-dp-public",
      "type": "string"
    },
    "dp_public_security_group_association_id": {
      "value": "/subscriptions/3f2e4d32-8e8d-46d6-82bc-5bb8d962328b/resourceGroups/adb-dp-tfdemo-xb8rpa-rg/providers/Microsoft.Network/virtualNetworks/tfdemo-xb8rpa-dp-vnet/subnets/tfdemo-xb8rpa-dp-public",
      "type": "string"
    },
    "dp_rg_location": {
      "value": "westeurope",
      "type": "string"
    },
    "dp_rg_name": {
      "value": "adb-dp-tfdemo-xb8rpa-rg",
      "type": "string"
    },
    "dp_vnet_id": {
      "value": "/subscriptions/3f2e4d32-8e8d-46d6-82bc-5bb8d962328b/resourceGroups/adb-dp-tfdemo-xb8rpa-rg/providers/Microsoft.Network/virtualNetworks/tfdemo-xb8rpa-dp-vnet",
      "type": "string"
    },
    "test_vm_password": {
      "value": "T934OSljF!!",
      "type": "string",
      "sensitive": true
    }
  },
  "resources": [
    {
      "module": "module.adb-with-private-link-standard",
      "mode": "data",
      "type": "azurerm_client_config",
      "name": "current",
      "provider": "module.adb-with-private-link-standard.provider[\"registry.terraform.io/hashicorp/azurerm\"]",
      "instances": [
        {
          "schema_version": 0,
          "attributes": {
            "client_id": "04b07795-8ddb-461a-bbee-02f9e1bf7b46",
            "id": "2023-06-03 22:33:42.231519 +0000 UTC",
            "object_id": "e1069642-ae95-4a6a-a3e4-f8f1134b4071",
            "subscription_id": "3f2e4d32-8e8d-46d6-82bc-5bb8d962328b",
            "tenant_id": "9f37a392-f0ae-4280-9796-f1864a10effc",
            "timeouts": null
          },
          "sensitive_attributes": []
        }
      ]
    },
    {
      "module": "module.adb-with-private-link-standard",
      "mode": "data",
      "type": "external",
      "name": "me",
      "provider": "provider[\"registry.terraform.io/hashicorp/external\"]",
      "instances": [
        {
          "schema_version": 0,
          "attributes": {
            "id": "-",
            "program": [
              "az",
              "account",
              "show",
              "--query",
              "user"
            ],
            "query": null,
            "result": {
              "name": "vikas.yadav@databricks.com",
              "type": "user"
            },
            "working_dir": null
          },
          "sensitive_attributes": []
        }
      ]
    },
    {
      "module": "module.adb-with-private-link-standard",
      "mode": "data",
      "type": "http",
      "name": "my_public_ip",
      "provider": "provider[\"registry.terraform.io/hashicorp/http\"]",
      "instances": [
        {
          "schema_version": 0,
          "attributes": {
            "body": "{\n  \"ip\": \"165.225.240.244\",\n  \"ip_decimal\": 2783047924,\n  \"country\": \"Netherlands\",\n  \"country_iso\": \"NL\",\n  \"country_eu\": true,\n  \"region_name\": \"North Holland\",\n  \"region_code\": \"NH\",\n  \"zip_code\": \"1012\",\n  \"city\": \"Amsterdam\",\n  \"latitude\": 52.3716,\n  \"longitude\": 4.8883,\n  \"time_zone\": \"Europe/Amsterdam\",\n  \"asn\": \"AS62044\",\n  \"asn_org\": \"Zscaler Switzerland GmbH\",\n  \"user_agent\": {\n    \"product\": \"Go-http-client\",\n    \"version\": \"2.0\",\n    \"raw_value\": \"Go-http-client/2.0\"\n  }\n}",
            "ca_cert_pem": null,
            "id": "https://ifconfig.co/json",
            "insecure": null,
            "method": null,
            "request_body": null,
            "request_headers": {
              "Accept": "application/json"
            },
            "request_timeout_ms": null,
            "response_body": "{\n  \"ip\": \"165.225.240.244\",\n  \"ip_decimal\": 2783047924,\n  \"country\": \"Netherlands\",\n  \"country_iso\": \"NL\",\n  \"country_eu\": true,\n  \"region_name\": \"North Holland\",\n  \"region_code\": \"NH\",\n  \"zip_code\": \"1012\",\n  \"city\": \"Amsterdam\",\n  \"latitude\": 52.3716,\n  \"longitude\": 4.8883,\n  \"time_zone\": \"Europe/Amsterdam\",\n  \"asn\": \"AS62044\",\n  \"asn_org\": \"Zscaler Switzerland GmbH\",\n  \"user_agent\": {\n    \"product\": \"Go-http-client\",\n    \"version\": \"2.0\",\n    \"raw_value\": \"Go-http-client/2.0\"\n  }\n}",
            "response_headers": {
              "Alt-Svc": "h3=\":443\"; ma=86400",
              "Cf-Cache-Status": "DYNAMIC",
              "Cf-Ray": "7d1b6601abef0b67-AMS",
              "Content-Type": "application/json",
              "Date": "Sat, 03 Jun 2023 22:33:33 GMT",
              "Nel": "{\"success_fraction\":0,\"report_to\":\"cf-nel\",\"max_age\":604800}",
              "Report-To": "{\"endpoints\":[{\"url\":\"https:\\/\\/a.nel.cloudflare.com\\/report\\/v3?s=mPtXTxCCek3fX%2Be6j%2BLno9%2FudFIdm8zH6VgQumOnncKSc1YYvk%2F6LaLL0Mv0D32gsqDXvoxssZc1ZzZQdGqtfaSnnS%2BvElYM1x8d1KbK37wjAjbtP5ewyJ%2FYCwHPCw%3D%3D\"}],\"group\":\"cf-nel\",\"max_age\":604800}",
              "Server": "cloudflare"
            },
            "retry": null,
            "status_code": 200,
            "url": "https://ifconfig.co/json"
          },
          "sensitive_attributes": []
        }
      ]
    },
    {
      "module": "module.adb-with-private-link-standard",
      "mode": "managed",
      "type": "azurerm_databricks_workspace",
      "name": "dp_workspace",
      "provider": "module.adb-with-private-link-standard.provider[\"registry.terraform.io/hashicorp/azurerm\"]",
      "instances": [
        {
          "schema_version": 0,
          "attributes": {
            "custom_parameters": [
              {
                "machine_learning_workspace_id": "",
                "nat_gateway_name": "nat-gateway",
                "no_public_ip": true,
                "private_subnet_name": "tfdemo-xb8rpa-dp-private",
                "private_subnet_network_security_group_association_id": "/subscriptions/3f2e4d32-8e8d-46d6-82bc-5bb8d962328b/resourceGroups/adb-dp-tfdemo-xb8rpa-rg/providers/Microsoft.Network/virtualNetworks/tfdemo-xb8rpa-dp-vnet/subnets/tfdemo-xb8rpa-dp-private",
                "public_ip_name": "nat-gw-public-ip",
                "public_subnet_name": "tfdemo-xb8rpa-dp-public",
                "public_subnet_network_security_group_association_id": "/subscriptions/3f2e4d32-8e8d-46d6-82bc-5bb8d962328b/resourceGroups/adb-dp-tfdemo-xb8rpa-rg/providers/Microsoft.Network/virtualNetworks/tfdemo-xb8rpa-dp-vnet/subnets/tfdemo-xb8rpa-dp-public",
                "storage_account_name": "dbfsxb8rpa",
                "storage_account_sku_name": "Standard_GRS",
                "virtual_network_id": "/subscriptions/3f2e4d32-8e8d-46d6-82bc-5bb8d962328b/resourceGroups/adb-dp-tfdemo-xb8rpa-rg/providers/Microsoft.Network/virtualNetworks/tfdemo-xb8rpa-dp-vnet",
                "vnet_address_prefix": "10.139"
              }
            ],
            "customer_managed_key_enabled": true,
            "id": "/subscriptions/3f2e4d32-8e8d-46d6-82bc-5bb8d962328b/resourceGroups/adb-dp-tfdemo-xb8rpa-rg/providers/Microsoft.Databricks/workspaces/tfdemo-xb8rpa-dp-workspace",
            "infrastructure_encryption_enabled": false,
            "load_balancer_backend_address_pool_id": "",
            "location": "westeurope",
            "managed_resource_group_id": "/subscriptions/3f2e4d32-8e8d-46d6-82bc-5bb8d962328b/resourceGroups/databricks-rg-adb-dp-tfdemo-xb8rpa-rg",
            "managed_resource_group_name": "databricks-rg-adb-dp-tfdemo-xb8rpa-rg",
            "managed_services_cmk_key_vault_key_id": null,
            "name": "tfdemo-xb8rpa-dp-workspace",
            "network_security_group_rules_required": "NoAzureDatabricksRules",
            "public_network_access_enabled": false,
            "resource_group_name": "adb-dp-tfdemo-xb8rpa-rg",
            "sku": "premium",
            "storage_account_identity": [
              {
                "principal_id": "ef73f569-d59b-41c7-9569-49cc0fbcf6e5",
                "tenant_id": "9f37a392-f0ae-4280-9796-f1864a10effc",
                "type": "SystemAssigned"
              }
            ],
            "tags": {
              "Environment": "Testing",
              "Epoch": "xb8rpa",
              "Owner": "vikas.yadav@databricks.com"
            },
            "timeouts": null,
            "workspace_id": "6852132407124593",
            "workspace_url": "adb-6852132407124593.13.azuredatabricks.net"
          },
          "sensitive_attributes": [],
          "private": "eyJlMmJmYjczMC1lY2FhLTExZTYtOGY4OC0zNDM2M2JjN2M0YzAiOnsiY3JlYXRlIjoxODAwMDAwMDAwMDAwLCJkZWxldGUiOjE4MDAwMDAwMDAwMDAsInJlYWQiOjMwMDAwMDAwMDAwMCwidXBkYXRlIjoxODAwMDAwMDAwMDAwfX0=",
          "dependencies": [
            "module.adb-with-private-link-standard.azurerm_network_security_group.dp_sg",
            "module.adb-with-private-link-standard.azurerm_resource_group.dp_rg",
            "module.adb-with-private-link-standard.azurerm_subnet.dp_private",
            "module.adb-with-private-link-standard.azurerm_subnet.dp_public",
            "module.adb-with-private-link-standard.azurerm_subnet_network_security_group_association.dp_private",
            "module.adb-with-private-link-standard.azurerm_subnet_network_security_group_association.dp_public",
            "module.adb-with-private-link-standard.azurerm_virtual_network.dp_vnet",
            "module.adb-with-private-link-standard.data.external.me",
            "module.adb-with-private-link-standard.random_string.naming"
          ]
        }
      ]
    },
    {
      "module": "module.adb-with-private-link-standard",
      "mode": "managed",
      "type": "azurerm_databricks_workspace",
      "name": "transit_workspace",
      "provider": "module.adb-with-private-link-standard.provider[\"registry.terraform.io/hashicorp/azurerm\"]",
      "instances": [
        {
          "schema_version": 0,
          "attributes": {
            "custom_parameters": [
              {
                "machine_learning_workspace_id": "",
                "nat_gateway_name": "nat-gateway",
                "no_public_ip": true,
                "private_subnet_name": "tfdemo-xb8rpa-transit-private",
                "private_subnet_network_security_group_association_id": "/subscriptions/3f2e4d32-8e8d-46d6-82bc-5bb8d962328b/resourceGroups/adb-transit-tfdemo-xb8rpa-rg/providers/Microsoft.Network/virtualNetworks/tfdemo-xb8rpa-transit-vnet/subnets/tfdemo-xb8rpa-transit-private",
                "public_ip_name": "nat-gw-public-ip",
                "public_subnet_name": "tfdemo-xb8rpa-transit-public",
                "public_subnet_network_security_group_association_id": "/subscriptions/3f2e4d32-8e8d-46d6-82bc-5bb8d962328b/resourceGroups/adb-transit-tfdemo-xb8rpa-rg/providers/Microsoft.Network/virtualNetworks/tfdemo-xb8rpa-transit-vnet/subnets/tfdemo-xb8rpa-transit-public",
                "storage_account_name": "dbfsxb8rpaauth",
                "storage_account_sku_name": "Standard_GRS",
                "virtual_network_id": "/subscriptions/3f2e4d32-8e8d-46d6-82bc-5bb8d962328b/resourceGroups/adb-transit-tfdemo-xb8rpa-rg/providers/Microsoft.Network/virtualNetworks/tfdemo-xb8rpa-transit-vnet",
                "vnet_address_prefix": "10.139"
              }
            ],
            "customer_managed_key_enabled": true,
            "id": "/subscriptions/3f2e4d32-8e8d-46d6-82bc-5bb8d962328b/resourceGroups/adb-transit-tfdemo-xb8rpa-rg/providers/Microsoft.Databricks/workspaces/tfdemo-xb8rpa-transit-workspace",
            "infrastructure_encryption_enabled": false,
            "load_balancer_backend_address_pool_id": "",
            "location": "westeurope",
            "managed_resource_group_id": "/subscriptions/3f2e4d32-8e8d-46d6-82bc-5bb8d962328b/resourceGroups/databricks-rg-adb-transit-tfdemo-xb8rpa-rg",
            "managed_resource_group_name": "databricks-rg-adb-transit-tfdemo-xb8rpa-rg",
            "managed_services_cmk_key_vault_key_id": null,
            "name": "tfdemo-xb8rpa-transit-workspace",
            "network_security_group_rules_required": "NoAzureDatabricksRules",
            "public_network_access_enabled": false,
            "resource_group_name": "adb-transit-tfdemo-xb8rpa-rg",
            "sku": "premium",
            "storage_account_identity": [
              {
                "principal_id": "0a590bd3-cfd6-4e27-88d3-4f1ec19aaef4",
                "tenant_id": "9f37a392-f0ae-4280-9796-f1864a10effc",
                "type": "SystemAssigned"
              }
            ],
            "tags": {
              "Environment": "Testing",
              "Epoch": "xb8rpa",
              "Owner": "vikas.yadav@databricks.com"
            },
            "timeouts": null,
            "workspace_id": "1222047163833221",
            "workspace_url": "adb-1222047163833221.1.azuredatabricks.net"
          },
          "sensitive_attributes": [],
          "private": "eyJlMmJmYjczMC1lY2FhLTExZTYtOGY4OC0zNDM2M2JjN2M0YzAiOnsiY3JlYXRlIjoxODAwMDAwMDAwMDAwLCJkZWxldGUiOjE4MDAwMDAwMDAwMDAsInJlYWQiOjMwMDAwMDAwMDAwMCwidXBkYXRlIjoxODAwMDAwMDAwMDAwfX0=",
          "dependencies": [
            "module.adb-with-private-link-standard.azurerm_network_security_group.transit_sg",
            "module.adb-with-private-link-standard.azurerm_resource_group.transit_rg",
            "module.adb-with-private-link-standard.azurerm_subnet.transit_private",
            "module.adb-with-private-link-standard.azurerm_subnet.transit_public",
            "module.adb-with-private-link-standard.azurerm_subnet_network_security_group_association.transit_private",
            "module.adb-with-private-link-standard.azurerm_subnet_network_security_group_association.transit_public",
            "module.adb-with-private-link-standard.azurerm_virtual_network.transit_vnet",
            "module.adb-with-private-link-standard.data.external.me",
            "module.adb-with-private-link-standard.random_string.naming"
          ]
        }
      ]
    },
    {
      "module": "module.adb-with-private-link-standard",
      "mode": "managed",
      "type": "azurerm_network_interface",
      "name": "testvmnic",
      "provider": "module.adb-with-private-link-standard.provider[\"registry.terraform.io/hashicorp/azurerm\"]",
      "instances": [
        {
          "schema_version": 0,
          "attributes": {
            "applied_dns_servers": [],
            "dns_servers": [],
            "edge_zone": "",
            "enable_accelerated_networking": false,
            "enable_ip_forwarding": false,
            "id": "/subscriptions/3f2e4d32-8e8d-46d6-82bc-5bb8d962328b/resourceGroups/adb-transit-tfdemo-xb8rpa-rg/providers/Microsoft.Network/networkInterfaces/tfdemo-xb8rpa-testvm-nic",
            "internal_dns_name_label": "",
            "internal_domain_name_suffix": "nxtsvkwcnohufkht54zpulqbqa.ax.internal.cloudapp.net",
            "ip_configuration": [
              {
                "gateway_load_balancer_frontend_ip_configuration_id": "",
                "name": "testvmip",
                "primary": true,
                "private_ip_address": "10.178.6.4",
                "private_ip_address_allocation": "Dynamic",
                "private_ip_address_version": "IPv4",
                "public_ip_address_id": "/subscriptions/3f2e4d32-8e8d-46d6-82bc-5bb8d962328b/resourceGroups/adb-transit-tfdemo-xb8rpa-rg/providers/Microsoft.Network/publicIPAddresses/tfdemo-xb8rpa-vmpublicip",
                "subnet_id": "/subscriptions/3f2e4d32-8e8d-46d6-82bc-5bb8d962328b/resourceGroups/adb-transit-tfdemo-xb8rpa-rg/providers/Microsoft.Network/virtualNetworks/tfdemo-xb8rpa-transit-vnet/subnets/tfdemo-xb8rpa-testvmsubnet"
              }
            ],
            "location": "westeurope",
            "mac_address": "",
            "name": "tfdemo-xb8rpa-testvm-nic",
            "private_ip_address": "10.178.6.4",
            "private_ip_addresses": [
              "10.178.6.4"
            ],
            "resource_group_name": "adb-transit-tfdemo-xb8rpa-rg",
            "tags": {},
            "timeouts": null,
            "virtual_machine_id": ""
          },
          "sensitive_attributes": [],
          "private": "eyJlMmJmYjczMC1lY2FhLTExZTYtOGY4OC0zNDM2M2JjN2M0YzAiOnsiY3JlYXRlIjoxODAwMDAwMDAwMDAwLCJkZWxldGUiOjE4MDAwMDAwMDAwMDAsInJlYWQiOjMwMDAwMDAwMDAwMCwidXBkYXRlIjoxODAwMDAwMDAwMDAwfX0=",
          "dependencies": [
            "module.adb-with-private-link-standard.azurerm_public_ip.testvmpublicip",
            "module.adb-with-private-link-standard.azurerm_resource_group.transit_rg",
            "module.adb-with-private-link-standard.azurerm_subnet.testvmsubnet",
            "module.adb-with-private-link-standard.azurerm_virtual_network.transit_vnet",
            "module.adb-with-private-link-standard.data.external.me",
            "module.adb-with-private-link-standard.random_string.naming"
          ]
        }
      ]
    },
    {
      "module": "module.adb-with-private-link-standard",
      "mode": "managed",
      "type": "azurerm_network_interface_security_group_association",
      "name": "testvmnsgassoc",
      "provider": "module.adb-with-private-link-standard.provider[\"registry.terraform.io/hashicorp/azurerm\"]",
      "instances": [
        {
          "schema_version": 0,
          "attributes": {
            "id": "/subscriptions/3f2e4d32-8e8d-46d6-82bc-5bb8d962328b/resourceGroups/adb-transit-tfdemo-xb8rpa-rg/providers/Microsoft.Network/networkInterfaces/tfdemo-xb8rpa-testvm-nic|/subscriptions/3f2e4d32-8e8d-46d6-82bc-5bb8d962328b/resourceGroups/adb-transit-tfdemo-xb8rpa-rg/providers/Microsoft.Network/networkSecurityGroups/tfdemo-xb8rpa-testvm-nsg",
            "network_interface_id": "/subscriptions/3f2e4d32-8e8d-46d6-82bc-5bb8d962328b/resourceGroups/adb-transit-tfdemo-xb8rpa-rg/providers/Microsoft.Network/networkInterfaces/tfdemo-xb8rpa-testvm-nic",
            "network_security_group_id": "/subscriptions/3f2e4d32-8e8d-46d6-82bc-5bb8d962328b/resourceGroups/adb-transit-tfdemo-xb8rpa-rg/providers/Microsoft.Network/networkSecurityGroups/tfdemo-xb8rpa-testvm-nsg",
            "timeouts": null
          },
          "sensitive_attributes": [],
          "private": "eyJlMmJmYjczMC1lY2FhLTExZTYtOGY4OC0zNDM2M2JjN2M0YzAiOnsiY3JlYXRlIjoxODAwMDAwMDAwMDAwLCJkZWxldGUiOjE4MDAwMDAwMDAwMDAsInJlYWQiOjMwMDAwMDAwMDAwMCwidXBkYXRlIjoxODAwMDAwMDAwMDAwfX0=",
          "dependencies": [
            "module.adb-with-private-link-standard.azurerm_network_interface.testvmnic",
            "module.adb-with-private-link-standard.azurerm_network_security_group.testvm-nsg",
            "module.adb-with-private-link-standard.azurerm_public_ip.testvmpublicip",
            "module.adb-with-private-link-standard.azurerm_resource_group.transit_rg",
            "module.adb-with-private-link-standard.azurerm_subnet.testvmsubnet",
            "module.adb-with-private-link-standard.azurerm_virtual_network.transit_vnet",
            "module.adb-with-private-link-standard.data.external.me",
            "module.adb-with-private-link-standard.random_string.naming"
          ]
        }
      ]
    },
    {
      "module": "module.adb-with-private-link-standard",
      "mode": "managed",
      "type": "azurerm_network_security_group",
      "name": "dp_sg",
      "provider": "module.adb-with-private-link-standard.provider[\"registry.terraform.io/hashicorp/azurerm\"]",
      "instances": [
        {
          "schema_version": 0,
          "attributes": {
            "id": "/subscriptions/3f2e4d32-8e8d-46d6-82bc-5bb8d962328b/resourceGroups/adb-dp-tfdemo-xb8rpa-rg/providers/Microsoft.Network/networkSecurityGroups/tfdemo-xb8rpa-dp-nsg",
            "location": "westeurope",
            "name": "tfdemo-xb8rpa-dp-nsg",
            "resource_group_name": "adb-dp-tfdemo-xb8rpa-rg",
            "security_rule": [
              {
                "access": "Allow",
                "description": "",
                "destination_address_prefix": "AzureActiveDirectory",
                "destination_address_prefixes": [],
                "destination_application_security_group_ids": [],
                "destination_port_range": "443",
                "destination_port_ranges": [],
                "direction": "Outbound",
                "name": "AllowAAD-dp",
                "priority": 200,
                "protocol": "Tcp",
                "source_address_prefix": "VirtualNetwork",
                "source_address_prefixes": [],
                "source_application_security_group_ids": [],
                "source_port_range": "*",
                "source_port_ranges": []
              },
              {
                "access": "Allow",
                "description": "",
                "destination_address_prefix": "AzureFrontDoor.Frontend",
                "destination_address_prefixes": [],
                "destination_application_security_group_ids": [],
                "destination_port_range": "443",
                "destination_port_ranges": [],
                "direction": "Outbound",
                "name": "AllowAzureFrontDoor-dp",
                "priority": 201,
                "protocol": "Tcp",
                "source_address_prefix": "VirtualNetwork",
                "source_address_prefixes": [],
                "source_application_security_group_ids": [],
                "source_port_range": "*",
                "source_port_ranges": []
              },
              {
                "access": "Allow",
                "description": "Required for worker communication with Azure Eventhub services.",
                "destination_address_prefix": "EventHub",
                "destination_address_prefixes": [],
                "destination_application_security_group_ids": [],
                "destination_port_range": "9093",
                "destination_port_ranges": [],
                "direction": "Outbound",
                "name": "Microsoft.Databricks-workspaces_UseOnly_databricks-worker-to-eventhub",
                "priority": 103,
                "protocol": "tcp",
                "source_address_prefix": "VirtualNetwork",
                "source_address_prefixes": [],
                "source_application_security_group_ids": [],
                "source_port_range": "*",
                "source_port_ranges": []
              },
              {
                "access": "Allow",
                "description": "Required for worker nodes communication within a cluster.",
                "destination_address_prefix": "VirtualNetwork",
                "destination_address_prefixes": [],
                "destination_application_security_group_ids": [],
                "destination_port_range": "*",
                "destination_port_ranges": [],
                "direction": "Inbound",
                "name": "Microsoft.Databricks-workspaces_UseOnly_databricks-worker-to-worker-inbound",
                "priority": 100,
                "protocol": "*",
                "source_address_prefix": "VirtualNetwork",
                "source_address_prefixes": [],
                "source_application_security_group_ids": [],
                "source_port_range": "*",
                "source_port_ranges": []
              },
              {
                "access": "Allow",
                "description": "Required for worker nodes communication within a cluster.",
                "destination_address_prefix": "VirtualNetwork",
                "destination_address_prefixes": [],
                "destination_application_security_group_ids": [],
                "destination_port_range": "*",
                "destination_port_ranges": [],
                "direction": "Outbound",
                "name": "Microsoft.Databricks-workspaces_UseOnly_databricks-worker-to-worker-outbound",
                "priority": 100,
                "protocol": "*",
                "source_address_prefix": "VirtualNetwork",
                "source_address_prefixes": [],
                "source_application_security_group_ids": [],
                "source_port_range": "*",
                "source_port_ranges": []
              },
              {
                "access": "Allow",
                "description": "Required for workers communication with Azure SQL services.",
                "destination_address_prefix": "Sql",
                "destination_address_prefixes": [],
                "destination_application_security_group_ids": [],
                "destination_port_range": "3306",
                "destination_port_ranges": [],
                "direction": "Outbound",
                "name": "Microsoft.Databricks-workspaces_UseOnly_databricks-worker-to-sql",
                "priority": 101,
                "protocol": "tcp",
                "source_address_prefix": "VirtualNetwork",
                "source_address_prefixes": [],
                "source_application_security_group_ids": [],
                "source_port_range": "*",
                "source_port_ranges": []
              },
              {
                "access": "Allow",
                "description": "Required for workers communication with Azure Storage services.",
                "destination_address_prefix": "Storage",
                "destination_address_prefixes": [],
                "destination_application_security_group_ids": [],
                "destination_port_range": "443",
                "destination_port_ranges": [],
                "direction": "Outbound",
                "name": "Microsoft.Databricks-workspaces_UseOnly_databricks-worker-to-storage",
                "priority": 102,
                "protocol": "tcp",
                "source_address_prefix": "VirtualNetwork",
                "source_address_prefixes": [],
                "source_application_security_group_ids": [],
                "source_port_range": "*",
                "source_port_ranges": []
              }
            ],
            "tags": {
              "Environment": "Testing",
              "Epoch": "xb8rpa",
              "Owner": "vikas.yadav@databricks.com"
            },
            "timeouts": null
          },
          "sensitive_attributes": [],
          "private": "eyJlMmJmYjczMC1lY2FhLTExZTYtOGY4OC0zNDM2M2JjN2M0YzAiOnsiY3JlYXRlIjoxODAwMDAwMDAwMDAwLCJkZWxldGUiOjE4MDAwMDAwMDAwMDAsInJlYWQiOjMwMDAwMDAwMDAwMCwidXBkYXRlIjoxODAwMDAwMDAwMDAwfX0=",
          "dependencies": [
            "module.adb-with-private-link-standard.azurerm_resource_group.dp_rg",
            "module.adb-with-private-link-standard.data.external.me",
            "module.adb-with-private-link-standard.random_string.naming"
          ]
        }
      ]
    },
    {
      "module": "module.adb-with-private-link-standard",
      "mode": "managed",
      "type": "azurerm_network_security_group",
      "name": "testvm-nsg",
      "provider": "module.adb-with-private-link-standard.provider[\"registry.terraform.io/hashicorp/azurerm\"]",
      "instances": [
        {
          "schema_version": 0,
          "attributes": {
            "id": "/subscriptions/3f2e4d32-8e8d-46d6-82bc-5bb8d962328b/resourceGroups/adb-transit-tfdemo-xb8rpa-rg/providers/Microsoft.Network/networkSecurityGroups/tfdemo-xb8rpa-testvm-nsg",
            "location": "westeurope",
            "name": "tfdemo-xb8rpa-testvm-nsg",
            "resource_group_name": "adb-transit-tfdemo-xb8rpa-rg",
            "security_rule": [
              {
                "access": "Allow",
                "description": "",
                "destination_address_prefix": "VirtualNetwork",
                "destination_address_prefixes": [],
                "destination_application_security_group_ids": [],
                "destination_port_range": "3389",
                "destination_port_ranges": [],
                "direction": "Inbound",
                "name": "RDP",
                "priority": 200,
                "protocol": "Tcp",
                "source_address_prefix": "",
                "source_address_prefixes": [
                  "165.225.240.244"
                ],
                "source_application_security_group_ids": [],
                "source_port_range": "*",
                "source_port_ranges": []
              }
            ],
            "tags": {
              "Environment": "Testing",
              "Epoch": "xb8rpa",
              "Owner": "vikas.yadav@databricks.com"
            },
            "timeouts": null
          },
          "sensitive_attributes": [],
          "private": "eyJlMmJmYjczMC1lY2FhLTExZTYtOGY4OC0zNDM2M2JjN2M0YzAiOnsiY3JlYXRlIjoxODAwMDAwMDAwMDAwLCJkZWxldGUiOjE4MDAwMDAwMDAwMDAsInJlYWQiOjMwMDAwMDAwMDAwMCwidXBkYXRlIjoxODAwMDAwMDAwMDAwfX0=",
          "dependencies": [
            "module.adb-with-private-link-standard.azurerm_resource_group.transit_rg",
            "module.adb-with-private-link-standard.data.external.me",
            "module.adb-with-private-link-standard.random_string.naming"
          ]
        }
      ]
    },
    {
      "module": "module.adb-with-private-link-standard",
      "mode": "managed",
      "type": "azurerm_network_security_group",
      "name": "transit_sg",
      "provider": "module.adb-with-private-link-standard.provider[\"registry.terraform.io/hashicorp/azurerm\"]",
      "instances": [
        {
          "schema_version": 0,
          "attributes": {
            "id": "/subscriptions/3f2e4d32-8e8d-46d6-82bc-5bb8d962328b/resourceGroups/adb-transit-tfdemo-xb8rpa-rg/providers/Microsoft.Network/networkSecurityGroups/tfdemo-xb8rpa-transit-nsg",
            "location": "westeurope",
            "name": "tfdemo-xb8rpa-transit-nsg",
            "resource_group_name": "adb-transit-tfdemo-xb8rpa-rg",
            "security_rule": [
              {
                "access": "Allow",
                "description": "",
                "destination_address_prefix": "AzureActiveDirectory",
                "destination_address_prefixes": [],
                "destination_application_security_group_ids": [],
                "destination_port_range": "443",
                "destination_port_ranges": [],
                "direction": "Outbound",
                "name": "AllowAAD-transit",
                "priority": 200,
                "protocol": "Tcp",
                "source_address_prefix": "VirtualNetwork",
                "source_address_prefixes": [],
                "source_application_security_group_ids": [],
                "source_port_range": "*",
                "source_port_ranges": []
              },
              {
                "access": "Allow",
                "description": "",
                "destination_address_prefix": "AzureFrontDoor.Frontend",
                "destination_address_prefixes": [],
                "destination_application_security_group_ids": [],
                "destination_port_range": "443",
                "destination_port_ranges": [],
                "direction": "Outbound",
                "name": "AllowAzureFrontDoor-transit",
                "priority": 201,
                "protocol": "Tcp",
                "source_address_prefix": "VirtualNetwork",
                "source_address_prefixes": [],
                "source_application_security_group_ids": [],
                "source_port_range": "*",
                "source_port_ranges": []
              },
              {
                "access": "Allow",
                "description": "Required for worker communication with Azure Eventhub services.",
                "destination_address_prefix": "EventHub",
                "destination_address_prefixes": [],
                "destination_application_security_group_ids": [],
                "destination_port_range": "9093",
                "destination_port_ranges": [],
                "direction": "Outbound",
                "name": "Microsoft.Databricks-workspaces_UseOnly_databricks-worker-to-eventhub",
                "priority": 103,
                "protocol": "tcp",
                "source_address_prefix": "VirtualNetwork",
                "source_address_prefixes": [],
                "source_application_security_group_ids": [],
                "source_port_range": "*",
                "source_port_ranges": []
              },
              {
                "access": "Allow",
                "description": "Required for worker nodes communication within a cluster.",
                "destination_address_prefix": "VirtualNetwork",
                "destination_address_prefixes": [],
                "destination_application_security_group_ids": [],
                "destination_port_range": "*",
                "destination_port_ranges": [],
                "direction": "Inbound",
                "name": "Microsoft.Databricks-workspaces_UseOnly_databricks-worker-to-worker-inbound",
                "priority": 100,
                "protocol": "*",
                "source_address_prefix": "VirtualNetwork",
                "source_address_prefixes": [],
                "source_application_security_group_ids": [],
                "source_port_range": "*",
                "source_port_ranges": []
              },
              {
                "access": "Allow",
                "description": "Required for worker nodes communication within a cluster.",
                "destination_address_prefix": "VirtualNetwork",
                "destination_address_prefixes": [],
                "destination_application_security_group_ids": [],
                "destination_port_range": "*",
                "destination_port_ranges": [],
                "direction": "Outbound",
                "name": "Microsoft.Databricks-workspaces_UseOnly_databricks-worker-to-worker-outbound",
                "priority": 100,
                "protocol": "*",
                "source_address_prefix": "VirtualNetwork",
                "source_address_prefixes": [],
                "source_application_security_group_ids": [],
                "source_port_range": "*",
                "source_port_ranges": []
              },
              {
                "access": "Allow",
                "description": "Required for workers communication with Azure SQL services.",
                "destination_address_prefix": "Sql",
                "destination_address_prefixes": [],
                "destination_application_security_group_ids": [],
                "destination_port_range": "3306",
                "destination_port_ranges": [],
                "direction": "Outbound",
                "name": "Microsoft.Databricks-workspaces_UseOnly_databricks-worker-to-sql",
                "priority": 101,
                "protocol": "tcp",
                "source_address_prefix": "VirtualNetwork",
                "source_address_prefixes": [],
                "source_application_security_group_ids": [],
                "source_port_range": "*",
                "source_port_ranges": []
              },
              {
                "access": "Allow",
                "description": "Required for workers communication with Azure Storage services.",
                "destination_address_prefix": "Storage",
                "destination_address_prefixes": [],
                "destination_application_security_group_ids": [],
                "destination_port_range": "443",
                "destination_port_ranges": [],
                "direction": "Outbound",
                "name": "Microsoft.Databricks-workspaces_UseOnly_databricks-worker-to-storage",
                "priority": 102,
                "protocol": "tcp",
                "source_address_prefix": "VirtualNetwork",
                "source_address_prefixes": [],
                "source_application_security_group_ids": [],
                "source_port_range": "*",
                "source_port_ranges": []
              }
            ],
            "tags": {
              "Environment": "Testing",
              "Epoch": "xb8rpa",
              "Owner": "vikas.yadav@databricks.com"
            },
            "timeouts": null
          },
          "sensitive_attributes": [],
          "private": "eyJlMmJmYjczMC1lY2FhLTExZTYtOGY4OC0zNDM2M2JjN2M0YzAiOnsiY3JlYXRlIjoxODAwMDAwMDAwMDAwLCJkZWxldGUiOjE4MDAwMDAwMDAwMDAsInJlYWQiOjMwMDAwMDAwMDAwMCwidXBkYXRlIjoxODAwMDAwMDAwMDAwfX0=",
          "dependencies": [
            "module.adb-with-private-link-standard.azurerm_resource_group.transit_rg",
            "module.adb-with-private-link-standard.data.external.me",
            "module.adb-with-private-link-standard.random_string.naming"
          ]
        }
      ]
    },
    {
      "module": "module.adb-with-private-link-standard",
      "mode": "managed",
      "type": "azurerm_network_security_rule",
      "name": "dp_aad",
      "provider": "module.adb-with-private-link-standard.provider[\"registry.terraform.io/hashicorp/azurerm\"]",
      "instances": [
        {
          "schema_version": 0,
          "attributes": {
            "access": "Allow",
            "description": "",
            "destination_address_prefix": "AzureActiveDirectory",
            "destination_address_prefixes": [],
            "destination_application_security_group_ids": [],
            "destination_port_range": "443",
            "destination_port_ranges": [],
            "direction": "Outbound",
            "id": "/subscriptions/3f2e4d32-8e8d-46d6-82bc-5bb8d962328b/resourceGroups/adb-dp-tfdemo-xb8rpa-rg/providers/Microsoft.Network/networkSecurityGroups/tfdemo-xb8rpa-dp-nsg/securityRules/AllowAAD-dp",
            "name": "AllowAAD-dp",
            "network_security_group_name": "tfdemo-xb8rpa-dp-nsg",
            "priority": 200,
            "protocol": "Tcp",
            "resource_group_name": "adb-dp-tfdemo-xb8rpa-rg",
            "source_address_prefix": "VirtualNetwork",
            "source_address_prefixes": [],
            "source_application_security_group_ids": [],
            "source_port_range": "*",
            "source_port_ranges": [],
            "timeouts": null
          },
          "sensitive_attributes": [],
          "private": "eyJlMmJmYjczMC1lY2FhLTExZTYtOGY4OC0zNDM2M2JjN2M0YzAiOnsiY3JlYXRlIjoxODAwMDAwMDAwMDAwLCJkZWxldGUiOjE4MDAwMDAwMDAwMDAsInJlYWQiOjMwMDAwMDAwMDAwMCwidXBkYXRlIjoxODAwMDAwMDAwMDAwfX0=",
          "dependencies": [
            "module.adb-with-private-link-standard.azurerm_network_security_group.dp_sg",
            "module.adb-with-private-link-standard.azurerm_resource_group.dp_rg",
            "module.adb-with-private-link-standard.data.external.me",
            "module.adb-with-private-link-standard.random_string.naming"
          ]
        }
      ]
    },
    {
      "module": "module.adb-with-private-link-standard",
      "mode": "managed",
      "type": "azurerm_network_security_rule",
      "name": "dp_azfrontdoor",
      "provider": "module.adb-with-private-link-standard.provider[\"registry.terraform.io/hashicorp/azurerm\"]",
      "instances": [
        {
          "schema_version": 0,
          "attributes": {
            "access": "Allow",
            "description": "",
            "destination_address_prefix": "AzureFrontDoor.Frontend",
            "destination_address_prefixes": [],
            "destination_application_security_group_ids": [],
            "destination_port_range": "443",
            "destination_port_ranges": [],
            "direction": "Outbound",
            "id": "/subscriptions/3f2e4d32-8e8d-46d6-82bc-5bb8d962328b/resourceGroups/adb-dp-tfdemo-xb8rpa-rg/providers/Microsoft.Network/networkSecurityGroups/tfdemo-xb8rpa-dp-nsg/securityRules/AllowAzureFrontDoor-dp",
            "name": "AllowAzureFrontDoor-dp",
            "network_security_group_name": "tfdemo-xb8rpa-dp-nsg",
            "priority": 201,
            "protocol": "Tcp",
            "resource_group_name": "adb-dp-tfdemo-xb8rpa-rg",
            "source_address_prefix": "VirtualNetwork",
            "source_address_prefixes": [],
            "source_application_security_group_ids": [],
            "source_port_range": "*",
            "source_port_ranges": [],
            "timeouts": null
          },
          "sensitive_attributes": [],
          "private": "eyJlMmJmYjczMC1lY2FhLTExZTYtOGY4OC0zNDM2M2JjN2M0YzAiOnsiY3JlYXRlIjoxODAwMDAwMDAwMDAwLCJkZWxldGUiOjE4MDAwMDAwMDAwMDAsInJlYWQiOjMwMDAwMDAwMDAwMCwidXBkYXRlIjoxODAwMDAwMDAwMDAwfX0=",
          "dependencies": [
            "module.adb-with-private-link-standard.azurerm_network_security_group.dp_sg",
            "module.adb-with-private-link-standard.azurerm_resource_group.dp_rg",
            "module.adb-with-private-link-standard.data.external.me",
            "module.adb-with-private-link-standard.random_string.naming"
          ]
        }
      ]
    },
    {
      "module": "module.adb-with-private-link-standard",
      "mode": "managed",
      "type": "azurerm_network_security_rule",
      "name": "test0",
      "provider": "module.adb-with-private-link-standard.provider[\"registry.terraform.io/hashicorp/azurerm\"]",
      "instances": [
        {
          "schema_version": 0,
          "attributes": {
            "access": "Allow",
            "description": "",
            "destination_address_prefix": "VirtualNetwork",
            "destination_address_prefixes": [],
            "destination_application_security_group_ids": [],
            "destination_port_range": "3389",
            "destination_port_ranges": [],
            "direction": "Inbound",
            "id": "/subscriptions/3f2e4d32-8e8d-46d6-82bc-5bb8d962328b/resourceGroups/adb-transit-tfdemo-xb8rpa-rg/providers/Microsoft.Network/networkSecurityGroups/tfdemo-xb8rpa-testvm-nsg/securityRules/RDP",
            "name": "RDP",
            "network_security_group_name": "tfdemo-xb8rpa-testvm-nsg",
            "priority": 200,
            "protocol": "Tcp",
            "resource_group_name": "adb-transit-tfdemo-xb8rpa-rg",
            "source_address_prefix": "",
            "source_address_prefixes": [
              "165.225.240.244"
            ],
            "source_application_security_group_ids": [],
            "source_port_range": "*",
            "source_port_ranges": [],
            "timeouts": null
          },
          "sensitive_attributes": [],
          "private": "eyJlMmJmYjczMC1lY2FhLTExZTYtOGY4OC0zNDM2M2JjN2M0YzAiOnsiY3JlYXRlIjoxODAwMDAwMDAwMDAwLCJkZWxldGUiOjE4MDAwMDAwMDAwMDAsInJlYWQiOjMwMDAwMDAwMDAwMCwidXBkYXRlIjoxODAwMDAwMDAwMDAwfX0=",
          "dependencies": [
            "module.adb-with-private-link-standard.azurerm_network_security_group.testvm-nsg",
            "module.adb-with-private-link-standard.azurerm_resource_group.transit_rg",
            "module.adb-with-private-link-standard.data.external.me",
            "module.adb-with-private-link-standard.data.http.my_public_ip",
            "module.adb-with-private-link-standard.random_string.naming"
          ]
        }
      ]
    },
    {
      "module": "module.adb-with-private-link-standard",
      "mode": "managed",
      "type": "azurerm_network_security_rule",
      "name": "transit_aad",
      "provider": "module.adb-with-private-link-standard.provider[\"registry.terraform.io/hashicorp/azurerm\"]",
      "instances": [
        {
          "schema_version": 0,
          "attributes": {
            "access": "Allow",
            "description": "",
            "destination_address_prefix": "AzureActiveDirectory",
            "destination_address_prefixes": [],
            "destination_application_security_group_ids": [],
            "destination_port_range": "443",
            "destination_port_ranges": [],
            "direction": "Outbound",
            "id": "/subscriptions/3f2e4d32-8e8d-46d6-82bc-5bb8d962328b/resourceGroups/adb-transit-tfdemo-xb8rpa-rg/providers/Microsoft.Network/networkSecurityGroups/tfdemo-xb8rpa-transit-nsg/securityRules/AllowAAD-transit",
            "name": "AllowAAD-transit",
            "network_security_group_name": "tfdemo-xb8rpa-transit-nsg",
            "priority": 200,
            "protocol": "Tcp",
            "resource_group_name": "adb-transit-tfdemo-xb8rpa-rg",
            "source_address_prefix": "VirtualNetwork",
            "source_address_prefixes": [],
            "source_application_security_group_ids": [],
            "source_port_range": "*",
            "source_port_ranges": [],
            "timeouts": null
          },
          "sensitive_attributes": [],
          "private": "eyJlMmJmYjczMC1lY2FhLTExZTYtOGY4OC0zNDM2M2JjN2M0YzAiOnsiY3JlYXRlIjoxODAwMDAwMDAwMDAwLCJkZWxldGUiOjE4MDAwMDAwMDAwMDAsInJlYWQiOjMwMDAwMDAwMDAwMCwidXBkYXRlIjoxODAwMDAwMDAwMDAwfX0=",
          "dependencies": [
            "module.adb-with-private-link-standard.azurerm_network_security_group.transit_sg",
            "module.adb-with-private-link-standard.azurerm_resource_group.transit_rg",
            "module.adb-with-private-link-standard.data.external.me",
            "module.adb-with-private-link-standard.random_string.naming"
          ]
        }
      ]
    },
    {
      "module": "module.adb-with-private-link-standard",
      "mode": "managed",
      "type": "azurerm_network_security_rule",
      "name": "transit_azfrontdoor",
      "provider": "module.adb-with-private-link-standard.provider[\"registry.terraform.io/hashicorp/azurerm\"]",
      "instances": [
        {
          "schema_version": 0,
          "attributes": {
            "access": "Allow",
            "description": "",
            "destination_address_prefix": "AzureFrontDoor.Frontend",
            "destination_address_prefixes": [],
            "destination_application_security_group_ids": [],
            "destination_port_range": "443",
            "destination_port_ranges": [],
            "direction": "Outbound",
            "id": "/subscriptions/3f2e4d32-8e8d-46d6-82bc-5bb8d962328b/resourceGroups/adb-transit-tfdemo-xb8rpa-rg/providers/Microsoft.Network/networkSecurityGroups/tfdemo-xb8rpa-transit-nsg/securityRules/AllowAzureFrontDoor-transit",
            "name": "AllowAzureFrontDoor-transit",
            "network_security_group_name": "tfdemo-xb8rpa-transit-nsg",
            "priority": 201,
            "protocol": "Tcp",
            "resource_group_name": "adb-transit-tfdemo-xb8rpa-rg",
            "source_address_prefix": "VirtualNetwork",
            "source_address_prefixes": [],
            "source_application_security_group_ids": [],
            "source_port_range": "*",
            "source_port_ranges": [],
            "timeouts": null
          },
          "sensitive_attributes": [],
          "private": "eyJlMmJmYjczMC1lY2FhLTExZTYtOGY4OC0zNDM2M2JjN2M0YzAiOnsiY3JlYXRlIjoxODAwMDAwMDAwMDAwLCJkZWxldGUiOjE4MDAwMDAwMDAwMDAsInJlYWQiOjMwMDAwMDAwMDAwMCwidXBkYXRlIjoxODAwMDAwMDAwMDAwfX0=",
          "dependencies": [
            "module.adb-with-private-link-standard.azurerm_network_security_group.transit_sg",
            "module.adb-with-private-link-standard.azurerm_resource_group.transit_rg",
            "module.adb-with-private-link-standard.data.external.me",
            "module.adb-with-private-link-standard.random_string.naming"
          ]
        }
      ]
    },
    {
      "module": "module.adb-with-private-link-standard",
      "mode": "managed",
      "type": "azurerm_private_dns_zone",
      "name": "dns_auth_front",
      "provider": "module.adb-with-private-link-standard.provider[\"registry.terraform.io/hashicorp/azurerm\"]",
      "instances": [
        {
          "schema_version": 0,
          "attributes": {
            "id": "/subscriptions/3f2e4d32-8e8d-46d6-82bc-5bb8d962328b/resourceGroups/adb-transit-tfdemo-xb8rpa-rg/providers/Microsoft.Network/privateDnsZones/privatelink.azuredatabricks.net",
            "max_number_of_record_sets": 25000,
            "max_number_of_virtual_network_links": 1000,
            "max_number_of_virtual_network_links_with_registration": 100,
            "name": "privatelink.azuredatabricks.net",
            "number_of_record_sets": 2,
            "resource_group_name": "adb-transit-tfdemo-xb8rpa-rg",
            "soa_record": [
              {
                "email": "azureprivatedns-host.microsoft.com",
                "expire_time": 2419200,
                "fqdn": "privatelink.azuredatabricks.net.",
                "host_name": "azureprivatedns.net",
                "minimum_ttl": 10,
                "refresh_time": 3600,
                "retry_time": 300,
                "serial_number": 1,
                "tags": {},
                "ttl": 3600
              }
            ],
            "tags": {},
            "timeouts": null
          },
          "sensitive_attributes": [],
          "private": "eyJlMmJmYjczMC1lY2FhLTExZTYtOGY4OC0zNDM2M2JjN2M0YzAiOnsiY3JlYXRlIjoxODAwMDAwMDAwMDAwLCJkZWxldGUiOjE4MDAwMDAwMDAwMDAsInJlYWQiOjMwMDAwMDAwMDAwMCwidXBkYXRlIjoxODAwMDAwMDAwMDAwfX0=",
          "dependencies": [
            "module.adb-with-private-link-standard.azurerm_resource_group.transit_rg",
            "module.adb-with-private-link-standard.data.external.me",
            "module.adb-with-private-link-standard.random_string.naming"
          ]
        }
      ]
    },
    {
      "module": "module.adb-with-private-link-standard",
      "mode": "managed",
      "type": "azurerm_private_dns_zone",
      "name": "dnsdbfs",
      "provider": "module.adb-with-private-link-standard.provider[\"registry.terraform.io/hashicorp/azurerm\"]",
      "instances": [
        {
          "schema_version": 0,
          "attributes": {
            "id": "/subscriptions/3f2e4d32-8e8d-46d6-82bc-5bb8d962328b/resourceGroups/adb-dp-tfdemo-xb8rpa-rg/providers/Microsoft.Network/privateDnsZones/privatelink.dfs.core.windows.net",
            "max_number_of_record_sets": 25000,
            "max_number_of_virtual_network_links": 1000,
            "max_number_of_virtual_network_links_with_registration": 100,
            "name": "privatelink.dfs.core.windows.net",
            "number_of_record_sets": 2,
            "resource_group_name": "adb-dp-tfdemo-xb8rpa-rg",
            "soa_record": [
              {
                "email": "azureprivatedns-host.microsoft.com",
                "expire_time": 2419200,
                "fqdn": "privatelink.dfs.core.windows.net.",
                "host_name": "azureprivatedns.net",
                "minimum_ttl": 10,
                "refresh_time": 3600,
                "retry_time": 300,
                "serial_number": 1,
                "tags": {},
                "ttl": 3600
              }
            ],
            "tags": {},
            "timeouts": null
          },
          "sensitive_attributes": [],
          "private": "eyJlMmJmYjczMC1lY2FhLTExZTYtOGY4OC0zNDM2M2JjN2M0YzAiOnsiY3JlYXRlIjoxODAwMDAwMDAwMDAwLCJkZWxldGUiOjE4MDAwMDAwMDAwMDAsInJlYWQiOjMwMDAwMDAwMDAwMCwidXBkYXRlIjoxODAwMDAwMDAwMDAwfX0=",
          "dependencies": [
            "module.adb-with-private-link-standard.azurerm_resource_group.dp_rg",
            "module.adb-with-private-link-standard.data.external.me",
            "module.adb-with-private-link-standard.random_string.naming"
          ]
        }
      ]
    },
    {
      "module": "module.adb-with-private-link-standard",
      "mode": "managed",
      "type": "azurerm_private_dns_zone",
      "name": "dnsdpcp",
      "provider": "module.adb-with-private-link-standard.provider[\"registry.terraform.io/hashicorp/azurerm\"]",
      "instances": [
        {
          "schema_version": 0,
          "attributes": {
            "id": "/subscriptions/3f2e4d32-8e8d-46d6-82bc-5bb8d962328b/resourceGroups/adb-dp-tfdemo-xb8rpa-rg/providers/Microsoft.Network/privateDnsZones/privatelink.azuredatabricks.net",
            "max_number_of_record_sets": 25000,
            "max_number_of_virtual_network_links": 1000,
            "max_number_of_virtual_network_links_with_registration": 100,
            "name": "privatelink.azuredatabricks.net",
            "number_of_record_sets": 5,
            "resource_group_name": "adb-dp-tfdemo-xb8rpa-rg",
            "soa_record": [
              {
                "email": "azureprivatedns-host.microsoft.com",
                "expire_time": 2419200,
                "fqdn": "privatelink.azuredatabricks.net.",
                "host_name": "azureprivatedns.net",
                "minimum_ttl": 10,
                "refresh_time": 3600,
                "retry_time": 300,
                "serial_number": 1,
                "tags": {},
                "ttl": 3600
              }
            ],
            "tags": {},
            "timeouts": null
          },
          "sensitive_attributes": [],
          "private": "eyJlMmJmYjczMC1lY2FhLTExZTYtOGY4OC0zNDM2M2JjN2M0YzAiOnsiY3JlYXRlIjoxODAwMDAwMDAwMDAwLCJkZWxldGUiOjE4MDAwMDAwMDAwMDAsInJlYWQiOjMwMDAwMDAwMDAwMCwidXBkYXRlIjoxODAwMDAwMDAwMDAwfX0=",
          "dependencies": [
            "module.adb-with-private-link-standard.azurerm_resource_group.dp_rg",
            "module.adb-with-private-link-standard.data.external.me",
            "module.adb-with-private-link-standard.random_string.naming"
          ]
        }
      ]
    },
    {
      "module": "module.adb-with-private-link-standard",
      "mode": "managed",
      "type": "azurerm_private_dns_zone_virtual_network_link",
      "name": "dbfsdnszonevnetlink",
      "provider": "module.adb-with-private-link-standard.provider[\"registry.terraform.io/hashicorp/azurerm\"]",
      "instances": [
        {
          "schema_version": 0,
          "attributes": {
            "id": "/subscriptions/3f2e4d32-8e8d-46d6-82bc-5bb8d962328b/resourceGroups/adb-dp-tfdemo-xb8rpa-rg/providers/Microsoft.Network/privateDnsZones/privatelink.dfs.core.windows.net/virtualNetworkLinks/dbfsspokevnetconnection",
            "name": "dbfsspokevnetconnection",
            "private_dns_zone_name": "privatelink.dfs.core.windows.net",
            "registration_enabled": false,
            "resource_group_name": "adb-dp-tfdemo-xb8rpa-rg",
            "tags": {},
            "timeouts": null,
            "virtual_network_id": "/subscriptions/3f2e4d32-8e8d-46d6-82bc-5bb8d962328b/resourceGroups/adb-dp-tfdemo-xb8rpa-rg/providers/Microsoft.Network/virtualNetworks/tfdemo-xb8rpa-dp-vnet"
          },
          "sensitive_attributes": [],
          "private": "eyJlMmJmYjczMC1lY2FhLTExZTYtOGY4OC0zNDM2M2JjN2M0YzAiOnsiY3JlYXRlIjoxODAwMDAwMDAwMDAwLCJkZWxldGUiOjE4MDAwMDAwMDAwMDAsInJlYWQiOjMwMDAwMDAwMDAwMCwidXBkYXRlIjoxODAwMDAwMDAwMDAwfX0=",
          "dependencies": [
            "module.adb-with-private-link-standard.azurerm_private_dns_zone.dnsdbfs",
            "module.adb-with-private-link-standard.azurerm_resource_group.dp_rg",
            "module.adb-with-private-link-standard.azurerm_virtual_network.dp_vnet",
            "module.adb-with-private-link-standard.data.external.me",
            "module.adb-with-private-link-standard.random_string.naming"
          ]
        }
      ]
    },
    {
      "module": "module.adb-with-private-link-standard",
      "mode": "managed",
      "type": "azurerm_private_dns_zone_virtual_network_link",
      "name": "dpcpdnszonevnetlink",
      "provider": "module.adb-with-private-link-standard.provider[\"registry.terraform.io/hashicorp/azurerm\"]",
      "instances": [
        {
          "schema_version": 0,
          "attributes": {
            "id": "/subscriptions/3f2e4d32-8e8d-46d6-82bc-5bb8d962328b/resourceGroups/adb-dp-tfdemo-xb8rpa-rg/providers/Microsoft.Network/privateDnsZones/privatelink.azuredatabricks.net/virtualNetworkLinks/dpcpspokevnetconnection",
            "name": "dpcpspokevnetconnection",
            "private_dns_zone_name": "privatelink.azuredatabricks.net",
            "registration_enabled": false,
            "resource_group_name": "adb-dp-tfdemo-xb8rpa-rg",
            "tags": {},
            "timeouts": null,
            "virtual_network_id": "/subscriptions/3f2e4d32-8e8d-46d6-82bc-5bb8d962328b/resourceGroups/adb-dp-tfdemo-xb8rpa-rg/providers/Microsoft.Network/virtualNetworks/tfdemo-xb8rpa-dp-vnet"
          },
          "sensitive_attributes": [],
          "private": "eyJlMmJmYjczMC1lY2FhLTExZTYtOGY4OC0zNDM2M2JjN2M0YzAiOnsiY3JlYXRlIjoxODAwMDAwMDAwMDAwLCJkZWxldGUiOjE4MDAwMDAwMDAwMDAsInJlYWQiOjMwMDAwMDAwMDAwMCwidXBkYXRlIjoxODAwMDAwMDAwMDAwfX0=",
          "dependencies": [
            "module.adb-with-private-link-standard.azurerm_private_dns_zone.dnsdpcp",
            "module.adb-with-private-link-standard.azurerm_resource_group.dp_rg",
            "module.adb-with-private-link-standard.azurerm_virtual_network.dp_vnet",
            "module.adb-with-private-link-standard.data.external.me",
            "module.adb-with-private-link-standard.random_string.naming"
          ]
        }
      ]
    },
    {
      "module": "module.adb-with-private-link-standard",
      "mode": "managed",
      "type": "azurerm_private_dns_zone_virtual_network_link",
      "name": "transitdnszonevnetlink",
      "provider": "module.adb-with-private-link-standard.provider[\"registry.terraform.io/hashicorp/azurerm\"]",
      "instances": [
        {
          "schema_version": 0,
          "attributes": {
            "id": "/subscriptions/3f2e4d32-8e8d-46d6-82bc-5bb8d962328b/resourceGroups/adb-transit-tfdemo-xb8rpa-rg/providers/Microsoft.Network/privateDnsZones/privatelink.azuredatabricks.net/virtualNetworkLinks/dpcpspokevnetconnection",
            "name": "dpcpspokevnetconnection",
            "private_dns_zone_name": "privatelink.azuredatabricks.net",
            "registration_enabled": false,
            "resource_group_name": "adb-transit-tfdemo-xb8rpa-rg",
            "tags": {},
            "timeouts": null,
            "virtual_network_id": "/subscriptions/3f2e4d32-8e8d-46d6-82bc-5bb8d962328b/resourceGroups/adb-transit-tfdemo-xb8rpa-rg/providers/Microsoft.Network/virtualNetworks/tfdemo-xb8rpa-transit-vnet"
          },
          "sensitive_attributes": [],
          "private": "eyJlMmJmYjczMC1lY2FhLTExZTYtOGY4OC0zNDM2M2JjN2M0YzAiOnsiY3JlYXRlIjoxODAwMDAwMDAwMDAwLCJkZWxldGUiOjE4MDAwMDAwMDAwMDAsInJlYWQiOjMwMDAwMDAwMDAwMCwidXBkYXRlIjoxODAwMDAwMDAwMDAwfX0=",
          "dependencies": [
            "module.adb-with-private-link-standard.azurerm_private_dns_zone.dns_auth_front",
            "module.adb-with-private-link-standard.azurerm_resource_group.transit_rg",
            "module.adb-with-private-link-standard.azurerm_virtual_network.transit_vnet",
            "module.adb-with-private-link-standard.data.external.me",
            "module.adb-with-private-link-standard.random_string.naming"
          ]
        }
      ]
    },
    {
      "module": "module.adb-with-private-link-standard",
      "mode": "managed",
      "type": "azurerm_private_endpoint",
      "name": "dp_dbfspe",
      "provider": "module.adb-with-private-link-standard.provider[\"registry.terraform.io/hashicorp/azurerm\"]",
      "instances": [
        {
          "schema_version": 0,
          "attributes": {
            "custom_dns_configs": [],
            "id": "/subscriptions/3f2e4d32-8e8d-46d6-82bc-5bb8d962328b/resourceGroups/adb-dp-tfdemo-xb8rpa-rg/providers/Microsoft.Network/privateEndpoints/dbfspvtendpoint-dp",
            "location": "westeurope",
            "name": "dbfspvtendpoint-dp",
            "network_interface": [
              {
                "id": "/subscriptions/3f2e4d32-8e8d-46d6-82bc-5bb8d962328b/resourceGroups/adb-dp-tfdemo-xb8rpa-rg/providers/Microsoft.Network/networkInterfaces/dbfspvtendpoint-dp.nic.3155d440-d1c9-4466-8a2f-fc192f5c7617",
                "name": "dbfspvtendpoint-dp.nic.3155d440-d1c9-4466-8a2f-fc192f5c7617"
              }
            ],
            "private_dns_zone_configs": [
              {
                "id": "/subscriptions/3f2e4d32-8e8d-46d6-82bc-5bb8d962328b/resourceGroups/adb-dp-tfdemo-xb8rpa-rg/providers/Microsoft.Network/privateEndpoints/dbfspvtendpoint-dp/privateDnsZoneGroups/private-dns-zone-dbfs/privateDnsZoneConfigs/privatelink.dfs.core.windows.net",
                "name": "privatelink.dfs.core.windows.net",
                "private_dns_zone_id": "/subscriptions/3f2e4d32-8e8d-46d6-82bc-5bb8d962328b/resourceGroups/adb-dp-tfdemo-xb8rpa-rg/providers/Microsoft.Network/privateDnsZones/privatelink.dfs.core.windows.net",
                "record_sets": [
                  {
                    "fqdn": "dbfsxb8rpa.privatelink.dfs.core.windows.net",
                    "ip_addresses": [
                      "10.179.0.132"
                    ],
                    "name": "dbfsxb8rpa",
                    "ttl": 10,
                    "type": "A"
                  }
                ]
              }
            ],
            "private_dns_zone_group": [
              {
                "id": "/subscriptions/3f2e4d32-8e8d-46d6-82bc-5bb8d962328b/resourceGroups/adb-dp-tfdemo-xb8rpa-rg/providers/Microsoft.Network/privateEndpoints/dbfspvtendpoint-dp/privateDnsZoneGroups/private-dns-zone-dbfs",
                "name": "private-dns-zone-dbfs",
                "private_dns_zone_ids": [
                  "/subscriptions/3f2e4d32-8e8d-46d6-82bc-5bb8d962328b/resourceGroups/adb-dp-tfdemo-xb8rpa-rg/providers/Microsoft.Network/privateDnsZones/privatelink.dfs.core.windows.net"
                ]
              }
            ],
            "private_service_connection": [
              {
                "is_manual_connection": false,
                "name": "ple-tfdemo-xb8rpa-dp-dbfs",
                "private_connection_resource_alias": "",
                "private_connection_resource_id": "/subscriptions/3f2e4d32-8e8d-46d6-82bc-5bb8d962328b/resourceGroups/databricks-rg-adb-dp-tfdemo-xb8rpa-rg/providers/Microsoft.Storage/storageAccounts/dbfsxb8rpa",
                "private_ip_address": "10.179.0.132",
                "request_message": "",
                "subresource_names": [
                  "dfs"
                ]
              }
            ],
            "resource_group_name": "adb-dp-tfdemo-xb8rpa-rg",
            "subnet_id": "/subscriptions/3f2e4d32-8e8d-46d6-82bc-5bb8d962328b/resourceGroups/adb-dp-tfdemo-xb8rpa-rg/providers/Microsoft.Network/virtualNetworks/tfdemo-xb8rpa-dp-vnet/subnets/tfdemo-xb8rpa-dp-privatelink",
            "tags": {},
            "timeouts": null
          },
          "sensitive_attributes": [],
          "private": "eyJlMmJmYjczMC1lY2FhLTExZTYtOGY4OC0zNDM2M2JjN2M0YzAiOnsiY3JlYXRlIjozNjAwMDAwMDAwMDAwLCJkZWxldGUiOjM2MDAwMDAwMDAwMDAsInJlYWQiOjMwMDAwMDAwMDAwMCwidXBkYXRlIjozNjAwMDAwMDAwMDAwfX0=",
          "dependencies": [
            "module.adb-with-private-link-standard.azurerm_databricks_workspace.dp_workspace",
            "module.adb-with-private-link-standard.azurerm_network_security_group.dp_sg",
            "module.adb-with-private-link-standard.azurerm_private_dns_zone.dnsdbfs",
            "module.adb-with-private-link-standard.azurerm_resource_group.dp_rg",
            "module.adb-with-private-link-standard.azurerm_subnet.dp_plsubnet",
            "module.adb-with-private-link-standard.azurerm_subnet.dp_private",
            "module.adb-with-private-link-standard.azurerm_subnet.dp_public",
            "module.adb-with-private-link-standard.azurerm_subnet_network_security_group_association.dp_private",
            "module.adb-with-private-link-standard.azurerm_subnet_network_security_group_association.dp_public",
            "module.adb-with-private-link-standard.azurerm_virtual_network.dp_vnet",
            "module.adb-with-private-link-standard.data.external.me",
            "module.adb-with-private-link-standard.random_string.naming"
          ]
        }
      ]
    },
    {
      "module": "module.adb-with-private-link-standard",
      "mode": "managed",
      "type": "azurerm_private_endpoint",
      "name": "dp_dpcp",
      "provider": "module.adb-with-private-link-standard.provider[\"registry.terraform.io/hashicorp/azurerm\"]",
      "instances": [
        {
          "schema_version": 0,
          "attributes": {
            "custom_dns_configs": [],
            "id": "/subscriptions/3f2e4d32-8e8d-46d6-82bc-5bb8d962328b/resourceGroups/adb-dp-tfdemo-xb8rpa-rg/providers/Microsoft.Network/privateEndpoints/dpcppvtendpoint-dp",
            "location": "westeurope",
            "name": "dpcppvtendpoint-dp",
            "network_interface": [
              {
                "id": "/subscriptions/3f2e4d32-8e8d-46d6-82bc-5bb8d962328b/resourceGroups/adb-dp-tfdemo-xb8rpa-rg/providers/Microsoft.Network/networkInterfaces/dpcppvtendpoint-dp.nic.6113a9de-31e2-4259-b88a-2ef97c951606",
                "name": "dpcppvtendpoint-dp.nic.6113a9de-31e2-4259-b88a-2ef97c951606"
              }
            ],
            "private_dns_zone_configs": [
              {
                "id": "/subscriptions/3f2e4d32-8e8d-46d6-82bc-5bb8d962328b/resourceGroups/adb-dp-tfdemo-xb8rpa-rg/providers/Microsoft.Network/privateEndpoints/dpcppvtendpoint-dp/privateDnsZoneGroups/dp-private-dns-zone-dpcp/privateDnsZoneConfigs/privatelink.azuredatabricks.net",
                "name": "privatelink.azuredatabricks.net",
                "private_dns_zone_id": "/subscriptions/3f2e4d32-8e8d-46d6-82bc-5bb8d962328b/resourceGroups/adb-dp-tfdemo-xb8rpa-rg/providers/Microsoft.Network/privateDnsZones/privatelink.azuredatabricks.net",
                "record_sets": [
                  {
                    "fqdn": "adb-6852132407124593.13.privatelink.azuredatabricks.net",
                    "ip_addresses": [
                      "10.179.0.133"
                    ],
                    "name": "adb-6852132407124593.13",
                    "ttl": 10,
                    "type": "A"
                  }
                ]
              }
            ],
            "private_dns_zone_group": [
              {
                "id": "/subscriptions/3f2e4d32-8e8d-46d6-82bc-5bb8d962328b/resourceGroups/adb-dp-tfdemo-xb8rpa-rg/providers/Microsoft.Network/privateEndpoints/dpcppvtendpoint-dp/privateDnsZoneGroups/dp-private-dns-zone-dpcp",
                "name": "dp-private-dns-zone-dpcp",
                "private_dns_zone_ids": [
                  "/subscriptions/3f2e4d32-8e8d-46d6-82bc-5bb8d962328b/resourceGroups/adb-dp-tfdemo-xb8rpa-rg/providers/Microsoft.Network/privateDnsZones/privatelink.azuredatabricks.net"
                ]
              }
            ],
            "private_service_connection": [
              {
                "is_manual_connection": false,
                "name": "ple-tfdemo-xb8rpa-dp-dpcp",
                "private_connection_resource_alias": "",
                "private_connection_resource_id": "/subscriptions/3f2e4d32-8e8d-46d6-82bc-5bb8d962328b/resourceGroups/adb-dp-tfdemo-xb8rpa-rg/providers/Microsoft.Databricks/workspaces/tfdemo-xb8rpa-dp-workspace",
                "private_ip_address": "10.179.0.133",
                "request_message": "",
                "subresource_names": [
                  "databricks_ui_api"
                ]
              }
            ],
            "resource_group_name": "adb-dp-tfdemo-xb8rpa-rg",
            "subnet_id": "/subscriptions/3f2e4d32-8e8d-46d6-82bc-5bb8d962328b/resourceGroups/adb-dp-tfdemo-xb8rpa-rg/providers/Microsoft.Network/virtualNetworks/tfdemo-xb8rpa-dp-vnet/subnets/tfdemo-xb8rpa-dp-privatelink",
            "tags": {},
            "timeouts": null
          },
          "sensitive_attributes": [],
          "private": "eyJlMmJmYjczMC1lY2FhLTExZTYtOGY4OC0zNDM2M2JjN2M0YzAiOnsiY3JlYXRlIjozNjAwMDAwMDAwMDAwLCJkZWxldGUiOjM2MDAwMDAwMDAwMDAsInJlYWQiOjMwMDAwMDAwMDAwMCwidXBkYXRlIjozNjAwMDAwMDAwMDAwfX0=",
          "dependencies": [
            "module.adb-with-private-link-standard.azurerm_databricks_workspace.dp_workspace",
            "module.adb-with-private-link-standard.azurerm_network_security_group.dp_sg",
            "module.adb-with-private-link-standard.azurerm_private_dns_zone.dnsdpcp",
            "module.adb-with-private-link-standard.azurerm_resource_group.dp_rg",
            "module.adb-with-private-link-standard.azurerm_subnet.dp_plsubnet",
            "module.adb-with-private-link-standard.azurerm_subnet.dp_private",
            "module.adb-with-private-link-standard.azurerm_subnet.dp_public",
            "module.adb-with-private-link-standard.azurerm_subnet_network_security_group_association.dp_private",
            "module.adb-with-private-link-standard.azurerm_subnet_network_security_group_association.dp_public",
            "module.adb-with-private-link-standard.azurerm_virtual_network.dp_vnet",
            "module.adb-with-private-link-standard.data.external.me",
            "module.adb-with-private-link-standard.random_string.naming"
          ]
        }
      ]
    },
    {
      "module": "module.adb-with-private-link-standard",
      "mode": "managed",
      "type": "azurerm_private_endpoint",
      "name": "front_pe",
      "provider": "module.adb-with-private-link-standard.provider[\"registry.terraform.io/hashicorp/azurerm\"]",
      "instances": [
        {
          "schema_version": 0,
          "attributes": {
            "custom_dns_configs": [],
            "id": "/subscriptions/3f2e4d32-8e8d-46d6-82bc-5bb8d962328b/resourceGroups/adb-transit-tfdemo-xb8rpa-rg/providers/Microsoft.Network/privateEndpoints/frontprivatendpoint",
            "location": "westeurope",
            "name": "frontprivatendpoint",
            "network_interface": [
              {
                "id": "/subscriptions/3f2e4d32-8e8d-46d6-82bc-5bb8d962328b/resourceGroups/adb-transit-tfdemo-xb8rpa-rg/providers/Microsoft.Network/networkInterfaces/frontprivatendpoint.nic.de08d015-a52a-42af-8fdb-455233dc2e45",
                "name": "frontprivatendpoint.nic.de08d015-a52a-42af-8fdb-455233dc2e45"
              }
            ],
            "private_dns_zone_configs": [
              {
                "id": "/subscriptions/3f2e4d32-8e8d-46d6-82bc-5bb8d962328b/resourceGroups/adb-transit-tfdemo-xb8rpa-rg/providers/Microsoft.Network/privateEndpoints/frontprivatendpoint/privateDnsZoneGroups/private-dns-zone-uiapi/privateDnsZoneConfigs/privatelink.azuredatabricks.net",
                "name": "privatelink.azuredatabricks.net",
                "private_dns_zone_id": "/subscriptions/3f2e4d32-8e8d-46d6-82bc-5bb8d962328b/resourceGroups/adb-transit-tfdemo-xb8rpa-rg/providers/Microsoft.Network/privateDnsZones/privatelink.azuredatabricks.net",
                "record_sets": [
                  {
                    "fqdn": "adb-6852132407124593.13.privatelink.azuredatabricks.net",
                    "ip_addresses": [
                      "10.178.0.132"
                    ],
                    "name": "adb-6852132407124593.13",
                    "ttl": 10,
                    "type": "A"
                  }
                ]
              }
            ],
            "private_dns_zone_group": [
              {
                "id": "/subscriptions/3f2e4d32-8e8d-46d6-82bc-5bb8d962328b/resourceGroups/adb-transit-tfdemo-xb8rpa-rg/providers/Microsoft.Network/privateEndpoints/frontprivatendpoint/privateDnsZoneGroups/private-dns-zone-uiapi",
                "name": "private-dns-zone-uiapi",
                "private_dns_zone_ids": [
                  "/subscriptions/3f2e4d32-8e8d-46d6-82bc-5bb8d962328b/resourceGroups/adb-transit-tfdemo-xb8rpa-rg/providers/Microsoft.Network/privateDnsZones/privatelink.azuredatabricks.net"
                ]
              }
            ],
            "private_service_connection": [
              {
                "is_manual_connection": false,
                "name": "ple-tfdemo-xb8rpa-uiapi",
                "private_connection_resource_alias": "",
                "private_connection_resource_id": "/subscriptions/3f2e4d32-8e8d-46d6-82bc-5bb8d962328b/resourceGroups/adb-dp-tfdemo-xb8rpa-rg/providers/Microsoft.Databricks/workspaces/tfdemo-xb8rpa-dp-workspace",
                "private_ip_address": "10.178.0.132",
                "request_message": "",
                "subresource_names": [
                  "databricks_ui_api"
                ]
              }
            ],
            "resource_group_name": "adb-transit-tfdemo-xb8rpa-rg",
            "subnet_id": "/subscriptions/3f2e4d32-8e8d-46d6-82bc-5bb8d962328b/resourceGroups/adb-transit-tfdemo-xb8rpa-rg/providers/Microsoft.Network/virtualNetworks/tfdemo-xb8rpa-transit-vnet/subnets/tfdemo-xb8rpa-transit-privatelink",
            "tags": {},
            "timeouts": null
          },
          "sensitive_attributes": [],
          "private": "eyJlMmJmYjczMC1lY2FhLTExZTYtOGY4OC0zNDM2M2JjN2M0YzAiOnsiY3JlYXRlIjozNjAwMDAwMDAwMDAwLCJkZWxldGUiOjM2MDAwMDAwMDAwMDAsInJlYWQiOjMwMDAwMDAwMDAwMCwidXBkYXRlIjozNjAwMDAwMDAwMDAwfX0=",
          "dependencies": [
            "module.adb-with-private-link-standard.azurerm_databricks_workspace.dp_workspace",
            "module.adb-with-private-link-standard.azurerm_network_security_group.dp_sg",
            "module.adb-with-private-link-standard.azurerm_private_dns_zone.dns_auth_front",
            "module.adb-with-private-link-standard.azurerm_resource_group.dp_rg",
            "module.adb-with-private-link-standard.azurerm_resource_group.transit_rg",
            "module.adb-with-private-link-standard.azurerm_subnet.dp_private",
            "module.adb-with-private-link-standard.azurerm_subnet.dp_public",
            "module.adb-with-private-link-standard.azurerm_subnet.transit_plsubnet",
            "module.adb-with-private-link-standard.azurerm_subnet_network_security_group_association.dp_private",
            "module.adb-with-private-link-standard.azurerm_subnet_network_security_group_association.dp_public",
            "module.adb-with-private-link-standard.azurerm_virtual_network.dp_vnet",
            "module.adb-with-private-link-standard.azurerm_virtual_network.transit_vnet",
            "module.adb-with-private-link-standard.data.external.me",
            "module.adb-with-private-link-standard.random_string.naming"
          ]
        }
      ]
    },
    {
      "module": "module.adb-with-private-link-standard",
      "mode": "managed",
      "type": "azurerm_private_endpoint",
      "name": "transit_auth",
      "provider": "module.adb-with-private-link-standard.provider[\"registry.terraform.io/hashicorp/azurerm\"]",
      "instances": [
        {
          "schema_version": 0,
          "attributes": {
            "custom_dns_configs": [],
            "id": "/subscriptions/3f2e4d32-8e8d-46d6-82bc-5bb8d962328b/resourceGroups/adb-transit-tfdemo-xb8rpa-rg/providers/Microsoft.Network/privateEndpoints/aadauthpvtendpoint-transit",
            "location": "westeurope",
            "name": "aadauthpvtendpoint-transit",
            "network_interface": [
              {
                "id": "/subscriptions/3f2e4d32-8e8d-46d6-82bc-5bb8d962328b/resourceGroups/adb-transit-tfdemo-xb8rpa-rg/providers/Microsoft.Network/networkInterfaces/aadauthpvtendpoint-transit.nic.2907f494-48e0-48f4-8c61-59870004fe3b",
                "name": "aadauthpvtendpoint-transit.nic.2907f494-48e0-48f4-8c61-59870004fe3b"
              }
            ],
            "private_dns_zone_configs": [
              {
                "id": "/subscriptions/3f2e4d32-8e8d-46d6-82bc-5bb8d962328b/resourceGroups/adb-transit-tfdemo-xb8rpa-rg/providers/Microsoft.Network/privateEndpoints/aadauthpvtendpoint-transit/privateDnsZoneGroups/private-dns-zone-auth/privateDnsZoneConfigs/privatelink.azuredatabricks.net",
                "name": "privatelink.azuredatabricks.net",
                "private_dns_zone_id": "/subscriptions/3f2e4d32-8e8d-46d6-82bc-5bb8d962328b/resourceGroups/adb-dp-tfdemo-xb8rpa-rg/providers/Microsoft.Network/privateDnsZones/privatelink.azuredatabricks.net",
                "record_sets": [
                  {
                    "fqdn": "westeurope.pl-auth.privatelink.azuredatabricks.net",
                    "ip_addresses": [
                      "10.178.0.133"
                    ],
                    "name": "westeurope.pl-auth",
                    "ttl": 10,
                    "type": "A"
                  },
                  {
                    "fqdn": "westeurope-c2.pl-auth.privatelink.azuredatabricks.net",
                    "ip_addresses": [
                      "10.178.0.134"
                    ],
                    "name": "westeurope-c2.pl-auth",
                    "ttl": 10,
                    "type": "A"
                  },
                  {
                    "fqdn": "westeurope-c3.pl-auth.privatelink.azuredatabricks.net",
                    "ip_addresses": [
                      "10.178.0.135"
                    ],
                    "name": "westeurope-c3.pl-auth",
                    "ttl": 10,
                    "type": "A"
                  }
                ]
              }
            ],
            "private_dns_zone_group": [
              {
                "id": "/subscriptions/3f2e4d32-8e8d-46d6-82bc-5bb8d962328b/resourceGroups/adb-transit-tfdemo-xb8rpa-rg/providers/Microsoft.Network/privateEndpoints/aadauthpvtendpoint-transit/privateDnsZoneGroups/private-dns-zone-auth",
                "name": "private-dns-zone-auth",
                "private_dns_zone_ids": [
                  "/subscriptions/3f2e4d32-8e8d-46d6-82bc-5bb8d962328b/resourceGroups/adb-dp-tfdemo-xb8rpa-rg/providers/Microsoft.Network/privateDnsZones/privatelink.azuredatabricks.net"
                ]
              }
            ],
            "private_service_connection": [
              {
                "is_manual_connection": false,
                "name": "ple-tfdemo-xb8rpa-auth",
                "private_connection_resource_alias": "",
                "private_connection_resource_id": "/subscriptions/3f2e4d32-8e8d-46d6-82bc-5bb8d962328b/resourceGroups/adb-transit-tfdemo-xb8rpa-rg/providers/Microsoft.Databricks/workspaces/tfdemo-xb8rpa-transit-workspace",
                "private_ip_address": "10.178.0.133",
                "request_message": "",
                "subresource_names": [
                  "browser_authentication"
                ]
              }
            ],
            "resource_group_name": "adb-transit-tfdemo-xb8rpa-rg",
            "subnet_id": "/subscriptions/3f2e4d32-8e8d-46d6-82bc-5bb8d962328b/resourceGroups/adb-transit-tfdemo-xb8rpa-rg/providers/Microsoft.Network/virtualNetworks/tfdemo-xb8rpa-transit-vnet/subnets/tfdemo-xb8rpa-transit-privatelink",
            "tags": {},
            "timeouts": null
          },
          "sensitive_attributes": [],
          "private": "eyJlMmJmYjczMC1lY2FhLTExZTYtOGY4OC0zNDM2M2JjN2M0YzAiOnsiY3JlYXRlIjozNjAwMDAwMDAwMDAwLCJkZWxldGUiOjM2MDAwMDAwMDAwMDAsInJlYWQiOjMwMDAwMDAwMDAwMCwidXBkYXRlIjozNjAwMDAwMDAwMDAwfX0=",
          "dependencies": [
            "module.adb-with-private-link-standard.azurerm_databricks_workspace.transit_workspace",
            "module.adb-with-private-link-standard.azurerm_network_security_group.transit_sg",
            "module.adb-with-private-link-standard.azurerm_private_dns_zone.dnsdpcp",
            "module.adb-with-private-link-standard.azurerm_resource_group.dp_rg",
            "module.adb-with-private-link-standard.azurerm_resource_group.transit_rg",
            "module.adb-with-private-link-standard.azurerm_subnet.transit_plsubnet",
            "module.adb-with-private-link-standard.azurerm_subnet.transit_private",
            "module.adb-with-private-link-standard.azurerm_subnet.transit_public",
            "module.adb-with-private-link-standard.azurerm_subnet_network_security_group_association.transit_private",
            "module.adb-with-private-link-standard.azurerm_subnet_network_security_group_association.transit_public",
            "module.adb-with-private-link-standard.azurerm_virtual_network.transit_vnet",
            "module.adb-with-private-link-standard.data.external.me",
            "module.adb-with-private-link-standard.random_string.naming"
          ]
        }
      ]
    },
    {
      "module": "module.adb-with-private-link-standard",
      "mode": "managed",
      "type": "azurerm_public_ip",
      "name": "testvmpublicip",
      "provider": "module.adb-with-private-link-standard.provider[\"registry.terraform.io/hashicorp/azurerm\"]",
      "instances": [
        {
          "schema_version": 0,
          "attributes": {
            "allocation_method": "Static",
            "domain_name_label": null,
            "edge_zone": "",
            "fqdn": null,
            "id": "/subscriptions/3f2e4d32-8e8d-46d6-82bc-5bb8d962328b/resourceGroups/adb-transit-tfdemo-xb8rpa-rg/providers/Microsoft.Network/publicIPAddresses/tfdemo-xb8rpa-vmpublicip",
            "idle_timeout_in_minutes": 4,
            "ip_address": "104.214.227.48",
            "ip_tags": {},
            "ip_version": "IPv4",
            "location": "westeurope",
            "name": "tfdemo-xb8rpa-vmpublicip",
            "public_ip_prefix_id": null,
            "resource_group_name": "adb-transit-tfdemo-xb8rpa-rg",
            "reverse_fqdn": null,
            "sku": "Standard",
            "sku_tier": "Regional",
            "tags": {},
            "timeouts": null,
            "zones": []
          },
          "sensitive_attributes": [],
          "private": "eyJlMmJmYjczMC1lY2FhLTExZTYtOGY4OC0zNDM2M2JjN2M0YzAiOnsiY3JlYXRlIjoxODAwMDAwMDAwMDAwLCJkZWxldGUiOjE4MDAwMDAwMDAwMDAsInJlYWQiOjMwMDAwMDAwMDAwMCwidXBkYXRlIjoxODAwMDAwMDAwMDAwfX0=",
          "dependencies": [
            "module.adb-with-private-link-standard.azurerm_resource_group.transit_rg",
            "module.adb-with-private-link-standard.data.external.me",
            "module.adb-with-private-link-standard.random_string.naming"
          ]
        }
      ]
    },
    {
      "module": "module.adb-with-private-link-standard",
      "mode": "managed",
      "type": "azurerm_resource_group",
      "name": "dp_rg",
      "provider": "module.adb-with-private-link-standard.provider[\"registry.terraform.io/hashicorp/azurerm\"]",
      "instances": [
        {
          "schema_version": 0,
          "attributes": {
            "id": "/subscriptions/3f2e4d32-8e8d-46d6-82bc-5bb8d962328b/resourceGroups/adb-dp-tfdemo-xb8rpa-rg",
            "location": "westeurope",
            "name": "adb-dp-tfdemo-xb8rpa-rg",
            "tags": {
              "Environment": "Testing",
              "Epoch": "xb8rpa",
              "Owner": "vikas.yadav@databricks.com"
            },
            "timeouts": null
          },
          "sensitive_attributes": [],
          "private": "eyJlMmJmYjczMC1lY2FhLTExZTYtOGY4OC0zNDM2M2JjN2M0YzAiOnsiY3JlYXRlIjo1NDAwMDAwMDAwMDAwLCJkZWxldGUiOjU0MDAwMDAwMDAwMDAsInJlYWQiOjMwMDAwMDAwMDAwMCwidXBkYXRlIjo1NDAwMDAwMDAwMDAwfX0=",
          "dependencies": [
            "module.adb-with-private-link-standard.data.external.me",
            "module.adb-with-private-link-standard.random_string.naming"
          ]
        }
      ]
    },
    {
      "module": "module.adb-with-private-link-standard",
      "mode": "managed",
      "type": "azurerm_resource_group",
      "name": "transit_rg",
      "provider": "module.adb-with-private-link-standard.provider[\"registry.terraform.io/hashicorp/azurerm\"]",
      "instances": [
        {
          "schema_version": 0,
          "attributes": {
            "id": "/subscriptions/3f2e4d32-8e8d-46d6-82bc-5bb8d962328b/resourceGroups/adb-transit-tfdemo-xb8rpa-rg",
            "location": "westeurope",
            "name": "adb-transit-tfdemo-xb8rpa-rg",
            "tags": {
              "Environment": "Testing",
              "Epoch": "xb8rpa",
              "Owner": "vikas.yadav@databricks.com"
            },
            "timeouts": null
          },
          "sensitive_attributes": [],
          "private": "eyJlMmJmYjczMC1lY2FhLTExZTYtOGY4OC0zNDM2M2JjN2M0YzAiOnsiY3JlYXRlIjo1NDAwMDAwMDAwMDAwLCJkZWxldGUiOjU0MDAwMDAwMDAwMDAsInJlYWQiOjMwMDAwMDAwMDAwMCwidXBkYXRlIjo1NDAwMDAwMDAwMDAwfX0=",
          "dependencies": [
            "module.adb-with-private-link-standard.data.external.me",
            "module.adb-with-private-link-standard.random_string.naming"
          ]
        }
      ]
    },
    {
      "module": "module.adb-with-private-link-standard",
      "mode": "managed",
      "type": "azurerm_subnet",
      "name": "dp_plsubnet",
      "provider": "module.adb-with-private-link-standard.provider[\"registry.terraform.io/hashicorp/azurerm\"]",
      "instances": [
        {
          "schema_version": 0,
          "attributes": {
            "address_prefixes": [
              "10.179.0.128/26"
            ],
            "delegation": [],
            "enforce_private_link_endpoint_network_policies": true,
            "enforce_private_link_service_network_policies": false,
            "id": "/subscriptions/3f2e4d32-8e8d-46d6-82bc-5bb8d962328b/resourceGroups/adb-dp-tfdemo-xb8rpa-rg/providers/Microsoft.Network/virtualNetworks/tfdemo-xb8rpa-dp-vnet/subnets/tfdemo-xb8rpa-dp-privatelink",
            "name": "tfdemo-xb8rpa-dp-privatelink",
            "resource_group_name": "adb-dp-tfdemo-xb8rpa-rg",
            "service_endpoint_policy_ids": [],
            "service_endpoints": [],
            "timeouts": null,
            "virtual_network_name": "tfdemo-xb8rpa-dp-vnet"
          },
          "sensitive_attributes": [],
          "private": "eyJlMmJmYjczMC1lY2FhLTExZTYtOGY4OC0zNDM2M2JjN2M0YzAiOnsiY3JlYXRlIjoxODAwMDAwMDAwMDAwLCJkZWxldGUiOjE4MDAwMDAwMDAwMDAsInJlYWQiOjMwMDAwMDAwMDAwMCwidXBkYXRlIjoxODAwMDAwMDAwMDAwfX0=",
          "dependencies": [
            "module.adb-with-private-link-standard.azurerm_resource_group.dp_rg",
            "module.adb-with-private-link-standard.azurerm_virtual_network.dp_vnet",
            "module.adb-with-private-link-standard.data.external.me",
            "module.adb-with-private-link-standard.random_string.naming"
          ]
        }
      ]
    },
    {
      "module": "module.adb-with-private-link-standard",
      "mode": "managed",
      "type": "azurerm_subnet",
      "name": "dp_private",
      "provider": "module.adb-with-private-link-standard.provider[\"registry.terraform.io/hashicorp/azurerm\"]",
      "instances": [
        {
          "schema_version": 0,
          "attributes": {
            "address_prefixes": [
              "10.179.0.64/26"
            ],
            "delegation": [
              {
                "name": "databricks",
                "service_delegation": [
                  {
                    "actions": [
                      "Microsoft.Network/virtualNetworks/subnets/join/action",
                      "Microsoft.Network/virtualNetworks/subnets/prepareNetworkPolicies/action",
                      "Microsoft.Network/virtualNetworks/subnets/unprepareNetworkPolicies/action"
                    ],
                    "name": "Microsoft.Databricks/workspaces"
                  }
                ]
              }
            ],
            "enforce_private_link_endpoint_network_policies": true,
            "enforce_private_link_service_network_policies": true,
            "id": "/subscriptions/3f2e4d32-8e8d-46d6-82bc-5bb8d962328b/resourceGroups/adb-dp-tfdemo-xb8rpa-rg/providers/Microsoft.Network/virtualNetworks/tfdemo-xb8rpa-dp-vnet/subnets/tfdemo-xb8rpa-dp-private",
            "name": "tfdemo-xb8rpa-dp-private",
            "resource_group_name": "adb-dp-tfdemo-xb8rpa-rg",
            "service_endpoint_policy_ids": [],
            "service_endpoints": [],
            "timeouts": null,
            "virtual_network_name": "tfdemo-xb8rpa-dp-vnet"
          },
          "sensitive_attributes": [],
          "private": "eyJlMmJmYjczMC1lY2FhLTExZTYtOGY4OC0zNDM2M2JjN2M0YzAiOnsiY3JlYXRlIjoxODAwMDAwMDAwMDAwLCJkZWxldGUiOjE4MDAwMDAwMDAwMDAsInJlYWQiOjMwMDAwMDAwMDAwMCwidXBkYXRlIjoxODAwMDAwMDAwMDAwfX0=",
          "dependencies": [
            "module.adb-with-private-link-standard.azurerm_resource_group.dp_rg",
            "module.adb-with-private-link-standard.azurerm_virtual_network.dp_vnet",
            "module.adb-with-private-link-standard.data.external.me",
            "module.adb-with-private-link-standard.random_string.naming"
          ]
        }
      ]
    },
    {
      "module": "module.adb-with-private-link-standard",
      "mode": "managed",
      "type": "azurerm_subnet",
      "name": "dp_public",
      "provider": "module.adb-with-private-link-standard.provider[\"registry.terraform.io/hashicorp/azurerm\"]",
      "instances": [
        {
          "schema_version": 0,
          "attributes": {
            "address_prefixes": [
              "10.179.0.0/26"
            ],
            "delegation": [
              {
                "name": "databricks",
                "service_delegation": [
                  {
                    "actions": [
                      "Microsoft.Network/virtualNetworks/subnets/join/action",
                      "Microsoft.Network/virtualNetworks/subnets/prepareNetworkPolicies/action",
                      "Microsoft.Network/virtualNetworks/subnets/unprepareNetworkPolicies/action"
                    ],
                    "name": "Microsoft.Databricks/workspaces"
                  }
                ]
              }
            ],
            "enforce_private_link_endpoint_network_policies": false,
            "enforce_private_link_service_network_policies": false,
            "id": "/subscriptions/3f2e4d32-8e8d-46d6-82bc-5bb8d962328b/resourceGroups/adb-dp-tfdemo-xb8rpa-rg/providers/Microsoft.Network/virtualNetworks/tfdemo-xb8rpa-dp-vnet/subnets/tfdemo-xb8rpa-dp-public",
            "name": "tfdemo-xb8rpa-dp-public",
            "resource_group_name": "adb-dp-tfdemo-xb8rpa-rg",
            "service_endpoint_policy_ids": [],
            "service_endpoints": [],
            "timeouts": null,
            "virtual_network_name": "tfdemo-xb8rpa-dp-vnet"
          },
          "sensitive_attributes": [],
          "private": "eyJlMmJmYjczMC1lY2FhLTExZTYtOGY4OC0zNDM2M2JjN2M0YzAiOnsiY3JlYXRlIjoxODAwMDAwMDAwMDAwLCJkZWxldGUiOjE4MDAwMDAwMDAwMDAsInJlYWQiOjMwMDAwMDAwMDAwMCwidXBkYXRlIjoxODAwMDAwMDAwMDAwfX0=",
          "dependencies": [
            "module.adb-with-private-link-standard.azurerm_resource_group.dp_rg",
            "module.adb-with-private-link-standard.azurerm_virtual_network.dp_vnet",
            "module.adb-with-private-link-standard.data.external.me",
            "module.adb-with-private-link-standard.random_string.naming"
          ]
        }
      ]
    },
    {
      "module": "module.adb-with-private-link-standard",
      "mode": "managed",
      "type": "azurerm_subnet",
      "name": "testvmsubnet",
      "provider": "module.adb-with-private-link-standard.provider[\"registry.terraform.io/hashicorp/azurerm\"]",
      "instances": [
        {
          "schema_version": 0,
          "attributes": {
            "address_prefixes": [
              "10.178.6.0/23"
            ],
            "delegation": [],
            "enforce_private_link_endpoint_network_policies": false,
            "enforce_private_link_service_network_policies": false,
            "id": "/subscriptions/3f2e4d32-8e8d-46d6-82bc-5bb8d962328b/resourceGroups/adb-transit-tfdemo-xb8rpa-rg/providers/Microsoft.Network/virtualNetworks/tfdemo-xb8rpa-transit-vnet/subnets/tfdemo-xb8rpa-testvmsubnet",
            "name": "tfdemo-xb8rpa-testvmsubnet",
            "resource_group_name": "adb-transit-tfdemo-xb8rpa-rg",
            "service_endpoint_policy_ids": [],
            "service_endpoints": [],
            "timeouts": null,
            "virtual_network_name": "tfdemo-xb8rpa-transit-vnet"
          },
          "sensitive_attributes": [],
          "private": "eyJlMmJmYjczMC1lY2FhLTExZTYtOGY4OC0zNDM2M2JjN2M0YzAiOnsiY3JlYXRlIjoxODAwMDAwMDAwMDAwLCJkZWxldGUiOjE4MDAwMDAwMDAwMDAsInJlYWQiOjMwMDAwMDAwMDAwMCwidXBkYXRlIjoxODAwMDAwMDAwMDAwfX0=",
          "dependencies": [
            "module.adb-with-private-link-standard.azurerm_resource_group.transit_rg",
            "module.adb-with-private-link-standard.azurerm_virtual_network.transit_vnet",
            "module.adb-with-private-link-standard.data.external.me",
            "module.adb-with-private-link-standard.random_string.naming"
          ]
        }
      ]
    },
    {
      "module": "module.adb-with-private-link-standard",
      "mode": "managed",
      "type": "azurerm_subnet",
      "name": "transit_plsubnet",
      "provider": "module.adb-with-private-link-standard.provider[\"registry.terraform.io/hashicorp/azurerm\"]",
      "instances": [
        {
          "schema_version": 0,
          "attributes": {
            "address_prefixes": [
              "10.178.0.128/26"
            ],
            "delegation": [],
            "enforce_private_link_endpoint_network_policies": true,
            "enforce_private_link_service_network_policies": false,
            "id": "/subscriptions/3f2e4d32-8e8d-46d6-82bc-5bb8d962328b/resourceGroups/adb-transit-tfdemo-xb8rpa-rg/providers/Microsoft.Network/virtualNetworks/tfdemo-xb8rpa-transit-vnet/subnets/tfdemo-xb8rpa-transit-privatelink",
            "name": "tfdemo-xb8rpa-transit-privatelink",
            "resource_group_name": "adb-transit-tfdemo-xb8rpa-rg",
            "service_endpoint_policy_ids": [],
            "service_endpoints": [],
            "timeouts": null,
            "virtual_network_name": "tfdemo-xb8rpa-transit-vnet"
          },
          "sensitive_attributes": [],
          "private": "eyJlMmJmYjczMC1lY2FhLTExZTYtOGY4OC0zNDM2M2JjN2M0YzAiOnsiY3JlYXRlIjoxODAwMDAwMDAwMDAwLCJkZWxldGUiOjE4MDAwMDAwMDAwMDAsInJlYWQiOjMwMDAwMDAwMDAwMCwidXBkYXRlIjoxODAwMDAwMDAwMDAwfX0=",
          "dependencies": [
            "module.adb-with-private-link-standard.azurerm_resource_group.transit_rg",
            "module.adb-with-private-link-standard.azurerm_virtual_network.transit_vnet",
            "module.adb-with-private-link-standard.data.external.me",
            "module.adb-with-private-link-standard.random_string.naming"
          ]
        }
      ]
    },
    {
      "module": "module.adb-with-private-link-standard",
      "mode": "managed",
      "type": "azurerm_subnet",
      "name": "transit_private",
      "provider": "module.adb-with-private-link-standard.provider[\"registry.terraform.io/hashicorp/azurerm\"]",
      "instances": [
        {
          "schema_version": 0,
          "attributes": {
            "address_prefixes": [
              "10.178.0.64/26"
            ],
            "delegation": [
              {
                "name": "databricks",
                "service_delegation": [
                  {
                    "actions": [
                      "Microsoft.Network/virtualNetworks/subnets/join/action",
                      "Microsoft.Network/virtualNetworks/subnets/prepareNetworkPolicies/action",
                      "Microsoft.Network/virtualNetworks/subnets/unprepareNetworkPolicies/action"
                    ],
                    "name": "Microsoft.Databricks/workspaces"
                  }
                ]
              }
            ],
            "enforce_private_link_endpoint_network_policies": true,
            "enforce_private_link_service_network_policies": true,
            "id": "/subscriptions/3f2e4d32-8e8d-46d6-82bc-5bb8d962328b/resourceGroups/adb-transit-tfdemo-xb8rpa-rg/providers/Microsoft.Network/virtualNetworks/tfdemo-xb8rpa-transit-vnet/subnets/tfdemo-xb8rpa-transit-private",
            "name": "tfdemo-xb8rpa-transit-private",
            "resource_group_name": "adb-transit-tfdemo-xb8rpa-rg",
            "service_endpoint_policy_ids": [],
            "service_endpoints": [],
            "timeouts": null,
            "virtual_network_name": "tfdemo-xb8rpa-transit-vnet"
          },
          "sensitive_attributes": [],
          "private": "eyJlMmJmYjczMC1lY2FhLTExZTYtOGY4OC0zNDM2M2JjN2M0YzAiOnsiY3JlYXRlIjoxODAwMDAwMDAwMDAwLCJkZWxldGUiOjE4MDAwMDAwMDAwMDAsInJlYWQiOjMwMDAwMDAwMDAwMCwidXBkYXRlIjoxODAwMDAwMDAwMDAwfX0=",
          "dependencies": [
            "module.adb-with-private-link-standard.azurerm_resource_group.transit_rg",
            "module.adb-with-private-link-standard.azurerm_virtual_network.transit_vnet",
            "module.adb-with-private-link-standard.data.external.me",
            "module.adb-with-private-link-standard.random_string.naming"
          ]
        }
      ]
    },
    {
      "module": "module.adb-with-private-link-standard",
      "mode": "managed",
      "type": "azurerm_subnet",
      "name": "transit_public",
      "provider": "module.adb-with-private-link-standard.provider[\"registry.terraform.io/hashicorp/azurerm\"]",
      "instances": [
        {
          "schema_version": 0,
          "attributes": {
            "address_prefixes": [
              "10.178.0.0/26"
            ],
            "delegation": [
              {
                "name": "databricks",
                "service_delegation": [
                  {
                    "actions": [
                      "Microsoft.Network/virtualNetworks/subnets/join/action",
                      "Microsoft.Network/virtualNetworks/subnets/prepareNetworkPolicies/action",
                      "Microsoft.Network/virtualNetworks/subnets/unprepareNetworkPolicies/action"
                    ],
                    "name": "Microsoft.Databricks/workspaces"
                  }
                ]
              }
            ],
            "enforce_private_link_endpoint_network_policies": false,
            "enforce_private_link_service_network_policies": false,
            "id": "/subscriptions/3f2e4d32-8e8d-46d6-82bc-5bb8d962328b/resourceGroups/adb-transit-tfdemo-xb8rpa-rg/providers/Microsoft.Network/virtualNetworks/tfdemo-xb8rpa-transit-vnet/subnets/tfdemo-xb8rpa-transit-public",
            "name": "tfdemo-xb8rpa-transit-public",
            "resource_group_name": "adb-transit-tfdemo-xb8rpa-rg",
            "service_endpoint_policy_ids": [],
            "service_endpoints": [],
            "timeouts": null,
            "virtual_network_name": "tfdemo-xb8rpa-transit-vnet"
          },
          "sensitive_attributes": [],
          "private": "eyJlMmJmYjczMC1lY2FhLTExZTYtOGY4OC0zNDM2M2JjN2M0YzAiOnsiY3JlYXRlIjoxODAwMDAwMDAwMDAwLCJkZWxldGUiOjE4MDAwMDAwMDAwMDAsInJlYWQiOjMwMDAwMDAwMDAwMCwidXBkYXRlIjoxODAwMDAwMDAwMDAwfX0=",
          "dependencies": [
            "module.adb-with-private-link-standard.azurerm_resource_group.transit_rg",
            "module.adb-with-private-link-standard.azurerm_virtual_network.transit_vnet",
            "module.adb-with-private-link-standard.data.external.me",
            "module.adb-with-private-link-standard.random_string.naming"
          ]
        }
      ]
    },
    {
      "module": "module.adb-with-private-link-standard",
      "mode": "managed",
      "type": "azurerm_subnet_network_security_group_association",
      "name": "dp_private",
      "provider": "module.adb-with-private-link-standard.provider[\"registry.terraform.io/hashicorp/azurerm\"]",
      "instances": [
        {
          "schema_version": 0,
          "attributes": {
            "id": "/subscriptions/3f2e4d32-8e8d-46d6-82bc-5bb8d962328b/resourceGroups/adb-dp-tfdemo-xb8rpa-rg/providers/Microsoft.Network/virtualNetworks/tfdemo-xb8rpa-dp-vnet/subnets/tfdemo-xb8rpa-dp-private",
            "network_security_group_id": "/subscriptions/3f2e4d32-8e8d-46d6-82bc-5bb8d962328b/resourceGroups/adb-dp-tfdemo-xb8rpa-rg/providers/Microsoft.Network/networkSecurityGroups/tfdemo-xb8rpa-dp-nsg",
            "subnet_id": "/subscriptions/3f2e4d32-8e8d-46d6-82bc-5bb8d962328b/resourceGroups/adb-dp-tfdemo-xb8rpa-rg/providers/Microsoft.Network/virtualNetworks/tfdemo-xb8rpa-dp-vnet/subnets/tfdemo-xb8rpa-dp-private",
            "timeouts": null
          },
          "sensitive_attributes": [],
          "private": "eyJlMmJmYjczMC1lY2FhLTExZTYtOGY4OC0zNDM2M2JjN2M0YzAiOnsiY3JlYXRlIjoxODAwMDAwMDAwMDAwLCJkZWxldGUiOjE4MDAwMDAwMDAwMDAsInJlYWQiOjMwMDAwMDAwMDAwMCwidXBkYXRlIjoxODAwMDAwMDAwMDAwfX0=",
          "dependencies": [
            "module.adb-with-private-link-standard.azurerm_network_security_group.dp_sg",
            "module.adb-with-private-link-standard.azurerm_resource_group.dp_rg",
            "module.adb-with-private-link-standard.azurerm_subnet.dp_private",
            "module.adb-with-private-link-standard.azurerm_virtual_network.dp_vnet",
            "module.adb-with-private-link-standard.data.external.me",
            "module.adb-with-private-link-standard.random_string.naming"
          ]
        }
      ]
    },
    {
      "module": "module.adb-with-private-link-standard",
      "mode": "managed",
      "type": "azurerm_subnet_network_security_group_association",
      "name": "dp_public",
      "provider": "module.adb-with-private-link-standard.provider[\"registry.terraform.io/hashicorp/azurerm\"]",
      "instances": [
        {
          "schema_version": 0,
          "attributes": {
            "id": "/subscriptions/3f2e4d32-8e8d-46d6-82bc-5bb8d962328b/resourceGroups/adb-dp-tfdemo-xb8rpa-rg/providers/Microsoft.Network/virtualNetworks/tfdemo-xb8rpa-dp-vnet/subnets/tfdemo-xb8rpa-dp-public",
            "network_security_group_id": "/subscriptions/3f2e4d32-8e8d-46d6-82bc-5bb8d962328b/resourceGroups/adb-dp-tfdemo-xb8rpa-rg/providers/Microsoft.Network/networkSecurityGroups/tfdemo-xb8rpa-dp-nsg",
            "subnet_id": "/subscriptions/3f2e4d32-8e8d-46d6-82bc-5bb8d962328b/resourceGroups/adb-dp-tfdemo-xb8rpa-rg/providers/Microsoft.Network/virtualNetworks/tfdemo-xb8rpa-dp-vnet/subnets/tfdemo-xb8rpa-dp-public",
            "timeouts": null
          },
          "sensitive_attributes": [],
          "private": "eyJlMmJmYjczMC1lY2FhLTExZTYtOGY4OC0zNDM2M2JjN2M0YzAiOnsiY3JlYXRlIjoxODAwMDAwMDAwMDAwLCJkZWxldGUiOjE4MDAwMDAwMDAwMDAsInJlYWQiOjMwMDAwMDAwMDAwMCwidXBkYXRlIjoxODAwMDAwMDAwMDAwfX0=",
          "dependencies": [
            "module.adb-with-private-link-standard.azurerm_network_security_group.dp_sg",
            "module.adb-with-private-link-standard.azurerm_resource_group.dp_rg",
            "module.adb-with-private-link-standard.azurerm_subnet.dp_public",
            "module.adb-with-private-link-standard.azurerm_virtual_network.dp_vnet",
            "module.adb-with-private-link-standard.data.external.me",
            "module.adb-with-private-link-standard.random_string.naming"
          ]
        }
      ]
    },
    {
      "module": "module.adb-with-private-link-standard",
      "mode": "managed",
      "type": "azurerm_subnet_network_security_group_association",
      "name": "transit_private",
      "provider": "module.adb-with-private-link-standard.provider[\"registry.terraform.io/hashicorp/azurerm\"]",
      "instances": [
        {
          "schema_version": 0,
          "attributes": {
            "id": "/subscriptions/3f2e4d32-8e8d-46d6-82bc-5bb8d962328b/resourceGroups/adb-transit-tfdemo-xb8rpa-rg/providers/Microsoft.Network/virtualNetworks/tfdemo-xb8rpa-transit-vnet/subnets/tfdemo-xb8rpa-transit-private",
            "network_security_group_id": "/subscriptions/3f2e4d32-8e8d-46d6-82bc-5bb8d962328b/resourceGroups/adb-transit-tfdemo-xb8rpa-rg/providers/Microsoft.Network/networkSecurityGroups/tfdemo-xb8rpa-transit-nsg",
            "subnet_id": "/subscriptions/3f2e4d32-8e8d-46d6-82bc-5bb8d962328b/resourceGroups/adb-transit-tfdemo-xb8rpa-rg/providers/Microsoft.Network/virtualNetworks/tfdemo-xb8rpa-transit-vnet/subnets/tfdemo-xb8rpa-transit-private",
            "timeouts": null
          },
          "sensitive_attributes": [],
          "private": "eyJlMmJmYjczMC1lY2FhLTExZTYtOGY4OC0zNDM2M2JjN2M0YzAiOnsiY3JlYXRlIjoxODAwMDAwMDAwMDAwLCJkZWxldGUiOjE4MDAwMDAwMDAwMDAsInJlYWQiOjMwMDAwMDAwMDAwMCwidXBkYXRlIjoxODAwMDAwMDAwMDAwfX0=",
          "dependencies": [
            "module.adb-with-private-link-standard.azurerm_network_security_group.transit_sg",
            "module.adb-with-private-link-standard.azurerm_resource_group.transit_rg",
            "module.adb-with-private-link-standard.azurerm_subnet.transit_private",
            "module.adb-with-private-link-standard.azurerm_virtual_network.transit_vnet",
            "module.adb-with-private-link-standard.data.external.me",
            "module.adb-with-private-link-standard.random_string.naming"
          ]
        }
      ]
    },
    {
      "module": "module.adb-with-private-link-standard",
      "mode": "managed",
      "type": "azurerm_subnet_network_security_group_association",
      "name": "transit_public",
      "provider": "module.adb-with-private-link-standard.provider[\"registry.terraform.io/hashicorp/azurerm\"]",
      "instances": [
        {
          "schema_version": 0,
          "attributes": {
            "id": "/subscriptions/3f2e4d32-8e8d-46d6-82bc-5bb8d962328b/resourceGroups/adb-transit-tfdemo-xb8rpa-rg/providers/Microsoft.Network/virtualNetworks/tfdemo-xb8rpa-transit-vnet/subnets/tfdemo-xb8rpa-transit-public",
            "network_security_group_id": "/subscriptions/3f2e4d32-8e8d-46d6-82bc-5bb8d962328b/resourceGroups/adb-transit-tfdemo-xb8rpa-rg/providers/Microsoft.Network/networkSecurityGroups/tfdemo-xb8rpa-transit-nsg",
            "subnet_id": "/subscriptions/3f2e4d32-8e8d-46d6-82bc-5bb8d962328b/resourceGroups/adb-transit-tfdemo-xb8rpa-rg/providers/Microsoft.Network/virtualNetworks/tfdemo-xb8rpa-transit-vnet/subnets/tfdemo-xb8rpa-transit-public",
            "timeouts": null
          },
          "sensitive_attributes": [],
          "private": "eyJlMmJmYjczMC1lY2FhLTExZTYtOGY4OC0zNDM2M2JjN2M0YzAiOnsiY3JlYXRlIjoxODAwMDAwMDAwMDAwLCJkZWxldGUiOjE4MDAwMDAwMDAwMDAsInJlYWQiOjMwMDAwMDAwMDAwMCwidXBkYXRlIjoxODAwMDAwMDAwMDAwfX0=",
          "dependencies": [
            "module.adb-with-private-link-standard.azurerm_network_security_group.transit_sg",
            "module.adb-with-private-link-standard.azurerm_resource_group.transit_rg",
            "module.adb-with-private-link-standard.azurerm_subnet.transit_public",
            "module.adb-with-private-link-standard.azurerm_virtual_network.transit_vnet",
            "module.adb-with-private-link-standard.data.external.me",
            "module.adb-with-private-link-standard.random_string.naming"
          ]
        }
      ]
    },
    {
      "module": "module.adb-with-private-link-standard",
      "mode": "managed",
      "type": "azurerm_virtual_network",
      "name": "dp_vnet",
      "provider": "module.adb-with-private-link-standard.provider[\"registry.terraform.io/hashicorp/azurerm\"]",
      "instances": [
        {
          "schema_version": 0,
          "attributes": {
            "address_space": [
              "10.179.0.0/20"
            ],
            "bgp_community": "",
            "ddos_protection_plan": [],
            "dns_servers": [],
            "edge_zone": "",
            "flow_timeout_in_minutes": 0,
            "guid": "c8aecaaa-10ac-4a69-a2c1-84061517ea19",
            "id": "/subscriptions/3f2e4d32-8e8d-46d6-82bc-5bb8d962328b/resourceGroups/adb-dp-tfdemo-xb8rpa-rg/providers/Microsoft.Network/virtualNetworks/tfdemo-xb8rpa-dp-vnet",
            "location": "westeurope",
            "name": "tfdemo-xb8rpa-dp-vnet",
            "resource_group_name": "adb-dp-tfdemo-xb8rpa-rg",
            "subnet": [
              {
                "address_prefix": "10.179.0.0/26",
                "id": "/subscriptions/3f2e4d32-8e8d-46d6-82bc-5bb8d962328b/resourceGroups/adb-dp-tfdemo-xb8rpa-rg/providers/Microsoft.Network/virtualNetworks/tfdemo-xb8rpa-dp-vnet/subnets/tfdemo-xb8rpa-dp-public",
                "name": "tfdemo-xb8rpa-dp-public",
                "security_group": "/subscriptions/3f2e4d32-8e8d-46d6-82bc-5bb8d962328b/resourceGroups/adb-dp-tfdemo-xb8rpa-rg/providers/Microsoft.Network/networkSecurityGroups/tfdemo-xb8rpa-dp-nsg"
              },
              {
                "address_prefix": "10.179.0.128/26",
                "id": "/subscriptions/3f2e4d32-8e8d-46d6-82bc-5bb8d962328b/resourceGroups/adb-dp-tfdemo-xb8rpa-rg/providers/Microsoft.Network/virtualNetworks/tfdemo-xb8rpa-dp-vnet/subnets/tfdemo-xb8rpa-dp-privatelink",
                "name": "tfdemo-xb8rpa-dp-privatelink",
                "security_group": ""
              },
              {
                "address_prefix": "10.179.0.64/26",
                "id": "/subscriptions/3f2e4d32-8e8d-46d6-82bc-5bb8d962328b/resourceGroups/adb-dp-tfdemo-xb8rpa-rg/providers/Microsoft.Network/virtualNetworks/tfdemo-xb8rpa-dp-vnet/subnets/tfdemo-xb8rpa-dp-private",
                "name": "tfdemo-xb8rpa-dp-private",
                "security_group": "/subscriptions/3f2e4d32-8e8d-46d6-82bc-5bb8d962328b/resourceGroups/adb-dp-tfdemo-xb8rpa-rg/providers/Microsoft.Network/networkSecurityGroups/tfdemo-xb8rpa-dp-nsg"
              }
            ],
            "tags": {
              "Environment": "Testing",
              "Epoch": "xb8rpa",
              "Owner": "vikas.yadav@databricks.com"
            },
            "timeouts": null
          },
          "sensitive_attributes": [],
          "private": "eyJlMmJmYjczMC1lY2FhLTExZTYtOGY4OC0zNDM2M2JjN2M0YzAiOnsiY3JlYXRlIjoxODAwMDAwMDAwMDAwLCJkZWxldGUiOjE4MDAwMDAwMDAwMDAsInJlYWQiOjMwMDAwMDAwMDAwMCwidXBkYXRlIjoxODAwMDAwMDAwMDAwfX0=",
          "dependencies": [
            "module.adb-with-private-link-standard.azurerm_resource_group.dp_rg",
            "module.adb-with-private-link-standard.data.external.me",
            "module.adb-with-private-link-standard.random_string.naming"
          ]
        }
      ]
    },
    {
      "module": "module.adb-with-private-link-standard",
      "mode": "managed",
      "type": "azurerm_virtual_network",
      "name": "transit_vnet",
      "provider": "module.adb-with-private-link-standard.provider[\"registry.terraform.io/hashicorp/azurerm\"]",
      "instances": [
        {
          "schema_version": 0,
          "attributes": {
            "address_space": [
              "10.178.0.0/20"
            ],
            "bgp_community": "",
            "ddos_protection_plan": [],
            "dns_servers": [],
            "edge_zone": "",
            "flow_timeout_in_minutes": 0,
            "guid": "aa2ae76d-6bc2-428f-a8f3-ffb2fa2e0180",
            "id": "/subscriptions/3f2e4d32-8e8d-46d6-82bc-5bb8d962328b/resourceGroups/adb-transit-tfdemo-xb8rpa-rg/providers/Microsoft.Network/virtualNetworks/tfdemo-xb8rpa-transit-vnet",
            "location": "westeurope",
            "name": "tfdemo-xb8rpa-transit-vnet",
            "resource_group_name": "adb-transit-tfdemo-xb8rpa-rg",
            "subnet": [
              {
                "address_prefix": "10.178.0.0/26",
                "id": "/subscriptions/3f2e4d32-8e8d-46d6-82bc-5bb8d962328b/resourceGroups/adb-transit-tfdemo-xb8rpa-rg/providers/Microsoft.Network/virtualNetworks/tfdemo-xb8rpa-transit-vnet/subnets/tfdemo-xb8rpa-transit-public",
                "name": "tfdemo-xb8rpa-transit-public",
                "security_group": "/subscriptions/3f2e4d32-8e8d-46d6-82bc-5bb8d962328b/resourceGroups/adb-transit-tfdemo-xb8rpa-rg/providers/Microsoft.Network/networkSecurityGroups/tfdemo-xb8rpa-transit-nsg"
              },
              {
                "address_prefix": "10.178.0.128/26",
                "id": "/subscriptions/3f2e4d32-8e8d-46d6-82bc-5bb8d962328b/resourceGroups/adb-transit-tfdemo-xb8rpa-rg/providers/Microsoft.Network/virtualNetworks/tfdemo-xb8rpa-transit-vnet/subnets/tfdemo-xb8rpa-transit-privatelink",
                "name": "tfdemo-xb8rpa-transit-privatelink",
                "security_group": ""
              },
              {
                "address_prefix": "10.178.0.64/26",
                "id": "/subscriptions/3f2e4d32-8e8d-46d6-82bc-5bb8d962328b/resourceGroups/adb-transit-tfdemo-xb8rpa-rg/providers/Microsoft.Network/virtualNetworks/tfdemo-xb8rpa-transit-vnet/subnets/tfdemo-xb8rpa-transit-private",
                "name": "tfdemo-xb8rpa-transit-private",
                "security_group": "/subscriptions/3f2e4d32-8e8d-46d6-82bc-5bb8d962328b/resourceGroups/adb-transit-tfdemo-xb8rpa-rg/providers/Microsoft.Network/networkSecurityGroups/tfdemo-xb8rpa-transit-nsg"
              },
              {
                "address_prefix": "10.178.6.0/23",
                "id": "/subscriptions/3f2e4d32-8e8d-46d6-82bc-5bb8d962328b/resourceGroups/adb-transit-tfdemo-xb8rpa-rg/providers/Microsoft.Network/virtualNetworks/tfdemo-xb8rpa-transit-vnet/subnets/tfdemo-xb8rpa-testvmsubnet",
                "name": "tfdemo-xb8rpa-testvmsubnet",
                "security_group": ""
              }
            ],
            "tags": {
              "Environment": "Testing",
              "Epoch": "xb8rpa",
              "Owner": "vikas.yadav@databricks.com"
            },
            "timeouts": null
          },
          "sensitive_attributes": [],
          "private": "eyJlMmJmYjczMC1lY2FhLTExZTYtOGY4OC0zNDM2M2JjN2M0YzAiOnsiY3JlYXRlIjoxODAwMDAwMDAwMDAwLCJkZWxldGUiOjE4MDAwMDAwMDAwMDAsInJlYWQiOjMwMDAwMDAwMDAwMCwidXBkYXRlIjoxODAwMDAwMDAwMDAwfX0=",
          "dependencies": [
            "module.adb-with-private-link-standard.azurerm_resource_group.transit_rg",
            "module.adb-with-private-link-standard.data.external.me",
            "module.adb-with-private-link-standard.random_string.naming"
          ]
        }
      ]
    },
    {
      "module": "module.adb-with-private-link-standard",
      "mode": "managed",
      "type": "azurerm_windows_virtual_machine",
      "name": "testvm",
      "provider": "module.adb-with-private-link-standard.provider[\"registry.terraform.io/hashicorp/azurerm\"]",
      "instances": [
        {
          "schema_version": 0,
          "attributes": {
            "additional_capabilities": [],
            "additional_unattend_content": [],
            "admin_password": "T934OSljF!!",
            "admin_username": "azureuser",
            "allow_extension_operations": true,
            "availability_set_id": "",
            "boot_diagnostics": [],
            "capacity_reservation_group_id": "",
            "computer_name": "tfdemo-xb8rpavm",
            "custom_data": null,
            "dedicated_host_group_id": "",
            "dedicated_host_id": "",
            "edge_zone": "",
            "enable_automatic_updates": true,
            "encryption_at_host_enabled": false,
            "eviction_policy": "",
            "extensions_time_budget": "PT1H30M",
            "hotpatching_enabled": false,
            "id": "/subscriptions/3f2e4d32-8e8d-46d6-82bc-5bb8d962328b/resourceGroups/adb-transit-tfdemo-xb8rpa-rg/providers/Microsoft.Compute/virtualMachines/tfdemo-xb8rpavm",
            "identity": [],
            "license_type": "",
            "location": "westeurope",
            "max_bid_price": -1,
            "name": "tfdemo-xb8rpavm",
            "network_interface_ids": [
              "/subscriptions/3f2e4d32-8e8d-46d6-82bc-5bb8d962328b/resourceGroups/adb-transit-tfdemo-xb8rpa-rg/providers/Microsoft.Network/networkInterfaces/tfdemo-xb8rpa-testvm-nic"
            ],
            "os_disk": [
              {
                "caching": "ReadWrite",
                "diff_disk_settings": [],
                "disk_encryption_set_id": "",
                "disk_size_gb": 127,
                "name": "tfdemo-xb8rpavm_OsDisk_1_b34a739c5fe24591be401288f977f516",
                "secure_vm_disk_encryption_set_id": "",
                "security_encryption_type": "",
                "storage_account_type": "Standard_LRS",
                "write_accelerator_enabled": false
              }
            ],
            "patch_mode": "AutomaticByOS",
            "plan": [],
            "platform_fault_domain": -1,
            "priority": "Regular",
            "private_ip_address": "10.178.6.4",
            "private_ip_addresses": [
              "10.178.6.4"
            ],
            "provision_vm_agent": true,
            "proximity_placement_group_id": "",
            "public_ip_address": "104.214.227.48",
            "public_ip_addresses": [
              "104.214.227.48"
            ],
            "resource_group_name": "adb-transit-tfdemo-xb8rpa-rg",
            "secret": [],
            "secure_boot_enabled": false,
            "size": "Standard_F4s_v2",
            "source_image_id": "",
            "source_image_reference": [
              {
                "offer": "windows-10",
                "publisher": "MicrosoftWindowsDesktop",
                "sku": "19h2-pro-g2",
                "version": "latest"
              }
            ],
            "tags": null,
            "termination_notification": null,
            "timeouts": null,
            "timezone": "",
            "user_data": "",
            "virtual_machine_id": "f5ee453d-d664-4b82-b6d2-5b7cdcb5c16d",
            "virtual_machine_scale_set_id": "",
            "vtpm_enabled": false,
            "winrm_listener": [],
            "zone": ""
          },
          "sensitive_attributes": [],
          "private": "eyJlMmJmYjczMC1lY2FhLTExZTYtOGY4OC0zNDM2M2JjN2M0YzAiOnsiY3JlYXRlIjoyNzAwMDAwMDAwMDAwLCJkZWxldGUiOjI3MDAwMDAwMDAwMDAsInJlYWQiOjMwMDAwMDAwMDAwMCwidXBkYXRlIjoyNzAwMDAwMDAwMDAwfX0=",
          "dependencies": [
            "module.adb-with-private-link-standard.azurerm_network_interface.testvmnic",
            "module.adb-with-private-link-standard.azurerm_resource_group.transit_rg",
            "module.adb-with-private-link-standard.random_string.naming",
            "module.adb-with-private-link-standard.random_string.password"
          ]
        }
      ]
    },
    {
      "module": "module.adb-with-private-link-standard",
      "mode": "managed",
      "type": "random_string",
      "name": "naming",
      "provider": "provider[\"registry.terraform.io/hashicorp/random\"]",
      "instances": [
        {
          "schema_version": 2,
          "attributes": {
            "id": "xb8rpa",
            "keepers": null,
            "length": 6,
            "lower": true,
            "min_lower": 0,
            "min_numeric": 0,
            "min_special": 0,
            "min_upper": 0,
            "number": true,
            "numeric": true,
            "override_special": null,
            "result": "xb8rpa",
            "special": false,
            "upper": false
          },
          "sensitive_attributes": []
        }
      ]
    },
    {
      "module": "module.adb-with-private-link-standard",
      "mode": "managed",
      "type": "random_string",
      "name": "password",
      "provider": "provider[\"registry.terraform.io/hashicorp/random\"]",
      "instances": [
        {
          "schema_version": 2,
          "attributes": {
            "id": "934OSljF",
            "keepers": null,
            "length": 8,
            "lower": true,
            "min_lower": 0,
            "min_numeric": 0,
            "min_special": 0,
            "min_upper": 0,
            "number": true,
            "numeric": true,
            "override_special": null,
            "result": "934OSljF",
            "special": false,
            "upper": true
          },
          "sensitive_attributes": []
        }
      ]
    }
  ]
}
